
Microsoft Visual Studio Solution File, Format Version 12.00
# Visual Studio Version 17
VisualStudioVersion = 17.13.35825.156
MinimumVisualStudioVersion = 10.0.40219.1
Project("{FAE04EC0-301F-11D3-BF4B-00C04F79EFBC}") = "Trame", "Trame\Trame.csproj", "{46D9CE78-43AE-470F-B03A-EA7040E4655C}"
EndProject
Project("{FAE04EC0-301F-11D3-BF4B-00C04F79EFBC}") = "TrameCore", "TrameCore\TrameCore.csproj", "{3F0F9390-7399-4292-9DC7-8A8162743176}"
EndProject
Project("{FAE04EC0-301F-11D3-BF4B-00C04F79EFBC}") = "TrameHub", "TrameHub\TrameHub.csproj", "{6603CE9A-73EB-429E-8E22-C58D07B5B3BF}"
EndProject
Project("{FAE04EC0-301F-11D3-BF4B-00C04F79EFBC}") = "TrameRest", "TrameRest\TrameRest.csproj", "{F556A46E-CF93-408A-8F42-56C8BEEC7682}"
EndProject
Project("{FAE04EC0-301F-11D3-BF4B-00C04F79EFBC}") = "TrameClient", "TrameClient\TrameClient.csproj", "{D57F078C-29DF-6149-0848-9BC1ADE6B486}"
EndProject
Project("{FAE04EC0-301F-11D3-BF4B-00C04F79EFBC}") = "TrameCommon", "TrameCommon\TrameCommon.csproj", "{11B446F9-3E8A-4072-AA07-0BD5D49359B0}"
EndProject
Project("{FAE04EC0-301F-11D3-BF4B-00C04F79EFBC}") = "TrameDeveloperUi", "TrameDeveloperUi\TrameDeveloperUi.csproj", "{A9B7D907-E7F3-47BE-AFE8-1A49C59FA2F3}"
EndProject
Project("{FAE04EC0-301F-11D3-BF4B-00C04F79EFBC}") = "TrameWebSocket", "TrameWebSocket\TrameWebSocket.csproj", "{79CAF73E-D267-4F5B-A638-30960E11338F}"
EndProject
Project("{FAE04EC0-301F-11D3-BF4B-00C04F79EFBC}") = "TrameTests", "TrameTests\TrameTests.csproj", "{D70CCBE4-BB4D-4CA2-933F-41F38CD115DC}"
EndProject
Project("{FAE04EC0-301F-11D3-BF4B-00C04F79EFBC}") = "TrameBench", "TrameBench\TrameBench.csproj", "{6B8C47E1-2A42-4008-9C4E-DDC4BFA21384}"
EndProject
Project("{FAE04EC0-301F-11D3-BF4B-00C04F79EFBC}") = "TrameServer", "TrameServer\TrameServer.csproj", "{AE58E6C9-7992-42C5-BA5D-1AA3CC03690A}"
EndProject
Project("{FAE04EC0-301F-11D3-BF4B-00C04F79EFBC}") = "TrameTelemetry", "TrameTelemetry\TrameTelemetry.csproj", "{6F961C91-8CF9-42F6-AD0E-3799B60394A3}"
EndProject
Project("{2150E333-8FDC-42A3-9474-1A3956D46DE8}") = "stories", "stories", "{EB5D65CF-FD37-16C0-3293-5E9FB153C94C}"
EndProject
Project("{2150E333-8FDC-42A3-9474-1A3956D46DE8}") = "01-n-plus-one-screen", "01-n-plus-one-screen", "{D1FFBA36-169E-D4FC-9216-EAC901C41D54}"
EndProject
Project("{FAE04EC0-301F-11D3-BF4B-00C04F79EFBC}") = "Story01", "stories\01-n-plus-one-screen\Story01.csproj", "{F3EAFDC9-0539-4792-8C05-8E10DA6260C9}"
EndProject
Project("{2150E333-8FDC-42A3-9474-1A3956D46DE8}") = "02-one-button-seven-commands", "02-one-button-seven-commands", "{86C6AB44-AC8B-5D83-C3F2-F91E6ABA1664}"
EndProject
Project("{FAE04EC0-301F-11D3-BF4B-00C04F79EFBC}") = "Story02", "stories\02-one-button-seven-commands\Story02.csproj", "{FCF258EC-BBB8-41D2-B1DB-CB40F1472A1C}"
EndProject
Project("{2150E333-8FDC-42A3-9474-1A3956D46DE8}") = "03-same-contract-three-wires", "03-same-contract-three-wires", "{C848060F-AB54-2EF7-544F-8BBEFF6B08B1}"
EndProject
Project("{FAE04EC0-301F-11D3-BF4B-00C04F79EFBC}") = "Story03", "stories\03-same-contract-three-wires\Story03.csproj", "{B11B005E-D936-4EBC-86CB-8E785EF9DA08}"
EndProject
Project("{2150E333-8FDC-42A3-9474-1A3956D46DE8}") = "04-north-bound-security", "04-north-bound-security", "{E8E09AFA-9E62-9514-2A80-7A68E593A95C}"
EndProject
Project("{FAE04EC0-301F-11D3-BF4B-00C04F79EFBC}") = "Story04", "stories\04-north-bound-security\Story04.csproj", "{B20E72AD-9614-4DD8-8982-3B445B0CEA49}"
EndProject
Project("{FAE04EC0-301F-11D3-BF4B-00C04F79EFBC}") = "Trame.Codegen.Core", "Trame.Codegen.Core\Trame.Codegen.Core.csproj", "{957275BB-21AB-42AF-BE07-FB50A87C704B}"
EndProject
Project("{FAE04EC0-301F-11D3-BF4B-00C04F79EFBC}") = "Trame.SourceGenerator", "Trame.SourceGenerator\Trame.SourceGenerator.csproj", "{47DA7912-C9B7-40FD-B65E-29618B4E4730}"
EndProject
Project("{FAE04EC0-301F-11D3-BF4B-00C04F79EFBC}") = "Trame.Samples.GeneratedClient", "Trame.Samples.GeneratedClient\Trame.Samples.GeneratedClient.csproj", "{050997C9-4AA1-4930-AF96-A55141EE2486}"
EndProject
Project("{FAE04EC0-301F-11D3-BF4B-00C04F79EFBC}") = "Trame.Server.Codegen", "Trame.Server.Codegen\Trame.Server.Codegen.csproj", "{C00E4EB4-C6B0-4CE8-ABA4-C9BFDFC381A6}"
EndProject
Global
	GlobalSection(SolutionConfigurationPlatforms) = preSolution
		Debug|Any CPU = Debug|Any CPU
		Debug|x64 = Debug|x64
		Debug|x86 = Debug|x86
		Release|Any CPU = Release|Any CPU
		Release|x64 = Release|x64
		Release|x86 = Release|x86
	EndGlobalSection
	GlobalSection(ProjectConfigurationPlatforms) = postSolution
		{46D9CE78-43AE-470F-B03A-EA7040E4655C}.Debug|Any CPU.ActiveCfg = Debug|Any CPU
		{46D9CE78-43AE-470F-B03A-EA7040E4655C}.Debug|Any CPU.Build.0 = Debug|Any CPU
		{46D9CE78-43AE-470F-B03A-EA7040E4655C}.Debug|x64.ActiveCfg = Debug|Any CPU
		{46D9CE78-43AE-470F-B03A-EA7040E4655C}.Debug|x64.Build.0 = Debug|Any CPU
		{46D9CE78-43AE-470F-B03A-EA7040E4655C}.Debug|x86.ActiveCfg = Debug|Any CPU
		{46D9CE78-43AE-470F-B03A-EA7040E4655C}.Debug|x86.Build.0 = Debug|Any CPU
		{46D9CE78-43AE-470F-B03A-EA7040E4655C}.Release|Any CPU.ActiveCfg = Release|Any CPU
		{46D9CE78-43AE-470F-B03A-EA7040E4655C}.Release|Any CPU.Build.0 = Release|Any CPU
		{46D9CE78-43AE-470F-B03A-EA7040E4655C}.Release|x64.ActiveCfg = Release|Any CPU
		{46D9CE78-43AE-470F-B03A-EA7040E4655C}.Release|x64.Build.0 = Release|Any CPU
		{46D9CE78-43AE-470F-B03A-EA7040E4655C}.Release|x86.ActiveCfg = Release|Any CPU
		{46D9CE78-43AE-470F-B03A-EA7040E4655C}.Release|x86.Build.0 = Release|Any CPU
		{3F0F9390-7399-4292-9DC7-8A8162743176}.Debug|Any CPU.ActiveCfg = Debug|Any CPU
		{3F0F9390-7399-4292-9DC7-8A8162743176}.Debug|Any CPU.Build.0 = Debug|Any CPU
		{3F0F9390-7399-4292-9DC7-8A8162743176}.Debug|x64.ActiveCfg = Debug|Any CPU
		{3F0F9390-7399-4292-9DC7-8A8162743176}.Debug|x64.Build.0 = Debug|Any CPU
		{3F0F9390-7399-4292-9DC7-8A8162743176}.Debug|x86.ActiveCfg = Debug|Any CPU
		{3F0F9390-7399-4292-9DC7-8A8162743176}.Debug|x86.Build.0 = Debug|Any CPU
		{3F0F9390-7399-4292-9DC7-8A8162743176}.Release|Any CPU.ActiveCfg = Release|Any CPU
		{3F0F9390-7399-4292-9DC7-8A8162743176}.Release|Any CPU.Build.0 = Release|Any CPU
		{3F0F9390-7399-4292-9DC7-8A8162743176}.Release|x64.ActiveCfg = Release|Any CPU
		{3F0F9390-7399-4292-9DC7-8A8162743176}.Release|x64.Build.0 = Release|Any CPU
		{3F0F9390-7399-4292-9DC7-8A8162743176}.Release|x86.ActiveCfg = Release|Any CPU
		{3F0F9390-7399-4292-9DC7-8A8162743176}.Release|x86.Build.0 = Release|Any CPU
		{6603CE9A-73EB-429E-8E22-C58D07B5B3BF}.Debug|Any CPU.ActiveCfg = Debug|Any CPU
		{6603CE9A-73EB-429E-8E22-C58D07B5B3BF}.Debug|Any CPU.Build.0 = Debug|Any CPU
		{6603CE9A-73EB-429E-8E22-C58D07B5B3BF}.Debug|x64.ActiveCfg = Debug|Any CPU
		{6603CE9A-73EB-429E-8E22-C58D07B5B3BF}.Debug|x64.Build.0 = Debug|Any CPU
		{6603CE9A-73EB-429E-8E22-C58D07B5B3BF}.Debug|x86.ActiveCfg = Debug|Any CPU
		{6603CE9A-73EB-429E-8E22-C58D07B5B3BF}.Debug|x86.Build.0 = Debug|Any CPU
		{6603CE9A-73EB-429E-8E22-C58D07B5B3BF}.Release|Any CPU.ActiveCfg = Release|Any CPU
		{6603CE9A-73EB-429E-8E22-C58D07B5B3BF}.Release|Any CPU.Build.0 = Release|Any CPU
		{6603CE9A-73EB-429E-8E22-C58D07B5B3BF}.Release|x64.ActiveCfg = Release|Any CPU
		{6603CE9A-73EB-429E-8E22-C58D07B5B3BF}.Release|x64.Build.0 = Release|Any CPU
		{6603CE9A-73EB-429E-8E22-C58D07B5B3BF}.Release|x86.ActiveCfg = Release|Any CPU
		{6603CE9A-73EB-429E-8E22-C58D07B5B3BF}.Release|x86.Build.0 = Release|Any CPU
		{F556A46E-CF93-408A-8F42-56C8BEEC7682}.Debug|Any CPU.ActiveCfg = Debug|Any CPU
		{F556A46E-CF93-408A-8F42-56C8BEEC7682}.Debug|Any CPU.Build.0 = Debug|Any CPU
		{F556A46E-CF93-408A-8F42-56C8BEEC7682}.Debug|x64.ActiveCfg = Debug|Any CPU
		{F556A46E-CF93-408A-8F42-56C8BEEC7682}.Debug|x64.Build.0 = Debug|Any CPU
		{F556A46E-CF93-408A-8F42-56C8BEEC7682}.Debug|x86.ActiveCfg = Debug|Any CPU
		{F556A46E-CF93-408A-8F42-56C8BEEC7682}.Debug|x86.Build.0 = Debug|Any CPU
		{F556A46E-CF93-408A-8F42-56C8BEEC7682}.Release|Any CPU.ActiveCfg = Release|Any CPU
		{F556A46E-CF93-408A-8F42-56C8BEEC7682}.Release|Any CPU.Build.0 = Release|Any CPU
		{F556A46E-CF93-408A-8F42-56C8BEEC7682}.Release|x64.ActiveCfg = Release|Any CPU
		{F556A46E-CF93-408A-8F42-56C8BEEC7682}.Release|x64.Build.0 = Release|Any CPU
		{F556A46E-CF93-408A-8F42-56C8BEEC7682}.Release|x86.ActiveCfg = Release|Any CPU
		{F556A46E-CF93-408A-8F42-56C8BEEC7682}.Release|x86.Build.0 = Release|Any CPU
		{D57F078C-29DF-6149-0848-9BC1ADE6B486}.Debug|Any CPU.ActiveCfg = Debug|Any CPU
		{D57F078C-29DF-6149-0848-9BC1ADE6B486}.Debug|Any CPU.Build.0 = Debug|Any CPU
		{D57F078C-29DF-6149-0848-9BC1ADE6B486}.Debug|x64.ActiveCfg = Debug|Any CPU
		{D57F078C-29DF-6149-0848-9BC1ADE6B486}.Debug|x64.Build.0 = Debug|Any CPU
		{D57F078C-29DF-6149-0848-9BC1ADE6B486}.Debug|x86.ActiveCfg = Debug|Any CPU
		{D57F078C-29DF-6149-0848-9BC1ADE6B486}.Debug|x86.Build.0 = Debug|Any CPU
		{D57F078C-29DF-6149-0848-9BC1ADE6B486}.Release|Any CPU.ActiveCfg = Release|Any CPU
		{D57F078C-29DF-6149-0848-9BC1ADE6B486}.Release|Any CPU.Build.0 = Release|Any CPU
		{D57F078C-29DF-6149-0848-9BC1ADE6B486}.Release|x64.ActiveCfg = Release|Any CPU
		{D57F078C-29DF-6149-0848-9BC1ADE6B486}.Release|x64.Build.0 = Release|Any CPU
		{D57F078C-29DF-6149-0848-9BC1ADE6B486}.Release|x86.ActiveCfg = Release|Any CPU
		{D57F078C-29DF-6149-0848-9BC1ADE6B486}.Release|x86.Build.0 = Release|Any CPU
		{11B446F9-3E8A-4072-AA07-0BD5D49359B0}.Debug|Any CPU.ActiveCfg = Debug|Any CPU
		{11B446F9-3E8A-4072-AA07-0BD5D49359B0}.Debug|Any CPU.Build.0 = Debug|Any CPU
		{11B446F9-3E8A-4072-AA07-0BD5D49359B0}.Debug|x64.ActiveCfg = Debug|Any CPU
		{11B446F9-3E8A-4072-AA07-0BD5D49359B0}.Debug|x64.Build.0 = Debug|Any CPU
		{11B446F9-3E8A-4072-AA07-0BD5D49359B0}.Debug|x86.ActiveCfg = Debug|Any CPU
		{11B446F9-3E8A-4072-AA07-0BD5D49359B0}.Debug|x86.Build.0 = Debug|Any CPU
		{11B446F9-3E8A-4072-AA07-0BD5D49359B0}.Release|Any CPU.ActiveCfg = Release|Any CPU
		{11B446F9-3E8A-4072-AA07-0BD5D49359B0}.Release|Any CPU.Build.0 = Release|Any CPU
		{11B446F9-3E8A-4072-AA07-0BD5D49359B0}.Release|x64.ActiveCfg = Release|Any CPU
		{11B446F9-3E8A-4072-AA07-0BD5D49359B0}.Release|x64.Build.0 = Release|Any CPU
		{11B446F9-3E8A-4072-AA07-0BD5D49359B0}.Release|x86.ActiveCfg = Release|Any CPU
		{11B446F9-3E8A-4072-AA07-0BD5D49359B0}.Release|x86.Build.0 = Release|Any CPU
		{A9B7D907-E7F3-47BE-AFE8-1A49C59FA2F3}.Debug|Any CPU.ActiveCfg = Debug|Any CPU
		{A9B7D907-E7F3-47BE-AFE8-1A49C59FA2F3}.Debug|Any CPU.Build.0 = Debug|Any CPU
		{A9B7D907-E7F3-47BE-AFE8-1A49C59FA2F3}.Debug|x64.ActiveCfg = Debug|Any CPU
		{A9B7D907-E7F3-47BE-AFE8-1A49C59FA2F3}.Debug|x64.Build.0 = Debug|Any CPU
		{A9B7D907-E7F3-47BE-AFE8-1A49C59FA2F3}.Debug|x86.ActiveCfg = Debug|Any CPU
		{A9B7D907-E7F3-47BE-AFE8-1A49C59FA2F3}.Debug|x86.Build.0 = Debug|Any CPU
		{A9B7D907-E7F3-47BE-AFE8-1A49C59FA2F3}.Release|Any CPU.ActiveCfg = Release|Any CPU
		{A9B7D907-E7F3-47BE-AFE8-1A49C59FA2F3}.Release|Any CPU.Build.0 = Release|Any CPU
		{A9B7D907-E7F3-47BE-AFE8-1A49C59FA2F3}.Release|x64.ActiveCfg = Release|Any CPU
		{A9B7D907-E7F3-47BE-AFE8-1A49C59FA2F3}.Release|x64.Build.0 = Release|Any CPU
		{A9B7D907-E7F3-47BE-AFE8-1A49C59FA2F3}.Release|x86.ActiveCfg = Release|Any CPU
		{A9B7D907-E7F3-47BE-AFE8-1A49C59FA2F3}.Release|x86.Build.0 = Release|Any CPU
		{79CAF73E-D267-4F5B-A638-30960E11338F}.Debug|Any CPU.ActiveCfg = Debug|Any CPU
		{79CAF73E-D267-4F5B-A638-30960E11338F}.Debug|Any CPU.Build.0 = Debug|Any CPU
		{79CAF73E-D267-4F5B-A638-30960E11338F}.Debug|x64.ActiveCfg = Debug|Any CPU
		{79CAF73E-D267-4F5B-A638-30960E11338F}.Debug|x64.Build.0 = Debug|Any CPU
		{79CAF73E-D267-4F5B-A638-30960E11338F}.Debug|x86.ActiveCfg = Debug|Any CPU
		{79CAF73E-D267-4F5B-A638-30960E11338F}.Debug|x86.Build.0 = Debug|Any CPU
		{79CAF73E-D267-4F5B-A638-30960E11338F}.Release|Any CPU.ActiveCfg = Release|Any CPU
		{79CAF73E-D267-4F5B-A638-30960E11338F}.Release|Any CPU.Build.0 = Release|Any CPU
		{79CAF73E-D267-4F5B-A638-30960E11338F}.Release|x64.ActiveCfg = Release|Any CPU
		{79CAF73E-D267-4F5B-A638-30960E11338F}.Release|x64.Build.0 = Release|Any CPU
		{79CAF73E-D267-4F5B-A638-30960E11338F}.Release|x86.ActiveCfg = Release|Any CPU
		{79CAF73E-D267-4F5B-A638-30960E11338F}.Release|x86.Build.0 = Release|Any CPU
		{D70CCBE4-BB4D-4CA2-933F-41F38CD115DC}.Debug|Any CPU.ActiveCfg = Debug|Any CPU
		{D70CCBE4-BB4D-4CA2-933F-41F38CD115DC}.Debug|Any CPU.Build.0 = Debug|Any CPU
		{D70CCBE4-BB4D-4CA2-933F-41F38CD115DC}.Debug|x64.ActiveCfg = Debug|Any CPU
		{D70CCBE4-BB4D-4CA2-933F-41F38CD115DC}.Debug|x64.Build.0 = Debug|Any CPU
		{D70CCBE4-BB4D-4CA2-933F-41F38CD115DC}.Debug|x86.ActiveCfg = Debug|Any CPU
		{D70CCBE4-BB4D-4CA2-933F-41F38CD115DC}.Debug|x86.Build.0 = Debug|Any CPU
		{D70CCBE4-BB4D-4CA2-933F-41F38CD115DC}.Release|Any CPU.ActiveCfg = Release|Any CPU
		{D70CCBE4-BB4D-4CA2-933F-41F38CD115DC}.Release|Any CPU.Build.0 = Release|Any CPU
		{D70CCBE4-BB4D-4CA2-933F-41F38CD115DC}.Release|x64.ActiveCfg = Release|Any CPU
		{D70CCBE4-BB4D-4CA2-933F-41F38CD115DC}.Release|x64.Build.0 = Release|Any CPU
		{D70CCBE4-BB4D-4CA2-933F-41F38CD115DC}.Release|x86.ActiveCfg = Release|Any CPU
		{D70CCBE4-BB4D-4CA2-933F-41F38CD115DC}.Release|x86.Build.0 = Release|Any CPU
		{6B8C47E1-2A42-4008-9C4E-DDC4BFA21384}.Debug|Any CPU.ActiveCfg = Debug|Any CPU
		{6B8C47E1-2A42-4008-9C4E-DDC4BFA21384}.Debug|Any CPU.Build.0 = Debug|Any CPU
		{6B8C47E1-2A42-4008-9C4E-DDC4BFA21384}.Debug|x64.ActiveCfg = Debug|Any CPU
		{6B8C47E1-2A42-4008-9C4E-DDC4BFA21384}.Debug|x64.Build.0 = Debug|Any CPU
		{6B8C47E1-2A42-4008-9C4E-DDC4BFA21384}.Debug|x86.ActiveCfg = Debug|Any CPU
		{6B8C47E1-2A42-4008-9C4E-DDC4BFA21384}.Debug|x86.Build.0 = Debug|Any CPU
		{6B8C47E1-2A42-4008-9C4E-DDC4BFA21384}.Release|Any CPU.ActiveCfg = Release|Any CPU
		{6B8C47E1-2A42-4008-9C4E-DDC4BFA21384}.Release|Any CPU.Build.0 = Release|Any CPU
		{6B8C47E1-2A42-4008-9C4E-DDC4BFA21384}.Release|x64.ActiveCfg = Release|Any CPU
		{6B8C47E1-2A42-4008-9C4E-DDC4BFA21384}.Release|x64.Build.0 = Release|Any CPU
		{6B8C47E1-2A42-4008-9C4E-DDC4BFA21384}.Release|x86.ActiveCfg = Release|Any CPU
		{6B8C47E1-2A42-4008-9C4E-DDC4BFA21384}.Release|x86.Build.0 = Release|Any CPU
		{AE58E6C9-7992-42C5-BA5D-1AA3CC03690A}.Debug|Any CPU.ActiveCfg = Debug|Any CPU
		{AE58E6C9-7992-42C5-BA5D-1AA3CC03690A}.Debug|Any CPU.Build.0 = Debug|Any CPU
		{AE58E6C9-7992-42C5-BA5D-1AA3CC03690A}.Debug|x64.ActiveCfg = Debug|Any CPU
		{AE58E6C9-7992-42C5-BA5D-1AA3CC03690A}.Debug|x64.Build.0 = Debug|Any CPU
		{AE58E6C9-7992-42C5-BA5D-1AA3CC03690A}.Debug|x86.ActiveCfg = Debug|Any CPU
		{AE58E6C9-7992-42C5-BA5D-1AA3CC03690A}.Debug|x86.Build.0 = Debug|Any CPU
		{AE58E6C9-7992-42C5-BA5D-1AA3CC03690A}.Release|Any CPU.ActiveCfg = Release|Any CPU
		{AE58E6C9-7992-42C5-BA5D-1AA3CC03690A}.Release|Any CPU.Build.0 = Release|Any CPU
		{AE58E6C9-7992-42C5-BA5D-1AA3CC03690A}.Release|x64.ActiveCfg = Release|Any CPU
		{AE58E6C9-7992-42C5-BA5D-1AA3CC03690A}.Release|x64.Build.0 = Release|Any CPU
		{AE58E6C9-7992-42C5-BA5D-1AA3CC03690A}.Release|x86.ActiveCfg = Release|Any CPU
		{AE58E6C9-7992-42C5-BA5D-1AA3CC03690A}.Release|x86.Build.0 = Release|Any CPU
		{6F961C91-8CF9-42F6-AD0E-3799B60394A3}.Debug|Any CPU.ActiveCfg = Debug|Any CPU
		{6F961C91-8CF9-42F6-AD0E-3799B60394A3}.Debug|Any CPU.Build.0 = Debug|Any CPU
		{6F961C91-8CF9-42F6-AD0E-3799B60394A3}.Debug|x64.ActiveCfg = Debug|Any CPU
		{6F961C91-8CF9-42F6-AD0E-3799B60394A3}.Debug|x64.Build.0 = Debug|Any CPU
		{6F961C91-8CF9-42F6-AD0E-3799B60394A3}.Debug|x86.ActiveCfg = Debug|Any CPU
		{6F961C91-8CF9-42F6-AD0E-3799B60394A3}.Debug|x86.Build.0 = Debug|Any CPU
		{6F961C91-8CF9-42F6-AD0E-3799B60394A3}.Release|Any CPU.ActiveCfg = Release|Any CPU
		{6F961C91-8CF9-42F6-AD0E-3799B60394A3}.Release|Any CPU.Build.0 = Release|Any CPU
		{6F961C91-8CF9-42F6-AD0E-3799B60394A3}.Release|x64.ActiveCfg = Release|Any CPU
		{6F961C91-8CF9-42F6-AD0E-3799B60394A3}.Release|x64.Build.0 = Release|Any CPU
		{6F961C91-8CF9-42F6-AD0E-3799B60394A3}.Release|x86.ActiveCfg = Release|Any CPU
		{6F961C91-8CF9-42F6-AD0E-3799B60394A3}.Release|x86.Build.0 = Release|Any CPU
		{F3EAFDC9-0539-4792-8C05-8E10DA6260C9}.Debug|Any CPU.ActiveCfg = Debug|Any CPU
		{F3EAFDC9-0539-4792-8C05-8E10DA6260C9}.Debug|Any CPU.Build.0 = Debug|Any CPU
		{F3EAFDC9-0539-4792-8C05-8E10DA6260C9}.Debug|x64.ActiveCfg = Debug|Any CPU
		{F3EAFDC9-0539-4792-8C05-8E10DA6260C9}.Debug|x64.Build.0 = Debug|Any CPU
		{F3EAFDC9-0539-4792-8C05-8E10DA6260C9}.Debug|x86.ActiveCfg = Debug|Any CPU
		{F3EAFDC9-0539-4792-8C05-8E10DA6260C9}.Debug|x86.Build.0 = Debug|Any CPU
		{F3EAFDC9-0539-4792-8C05-8E10DA6260C9}.Release|Any CPU.ActiveCfg = Release|Any CPU
		{F3EAFDC9-0539-4792-8C05-8E10DA6260C9}.Release|Any CPU.Build.0 = Release|Any CPU
		{F3EAFDC9-0539-4792-8C05-8E10DA6260C9}.Release|x64.ActiveCfg = Release|Any CPU
		{F3EAFDC9-0539-4792-8C05-8E10DA6260C9}.Release|x64.Build.0 = Release|Any CPU
		{F3EAFDC9-0539-4792-8C05-8E10DA6260C9}.Release|x86.ActiveCfg = Release|Any CPU
		{F3EAFDC9-0539-4792-8C05-8E10DA6260C9}.Release|x86.Build.0 = Release|Any CPU
		{FCF258EC-BBB8-41D2-B1DB-CB40F1472A1C}.Debug|Any CPU.ActiveCfg = Debug|Any CPU
		{FCF258EC-BBB8-41D2-B1DB-CB40F1472A1C}.Debug|Any CPU.Build.0 = Debug|Any CPU
		{FCF258EC-BBB8-41D2-B1DB-CB40F1472A1C}.Debug|x64.ActiveCfg = Debug|Any CPU
		{FCF258EC-BBB8-41D2-B1DB-CB40F1472A1C}.Debug|x64.Build.0 = Debug|Any CPU
		{FCF258EC-BBB8-41D2-B1DB-CB40F1472A1C}.Debug|x86.ActiveCfg = Debug|Any CPU
		{FCF258EC-BBB8-41D2-B1DB-CB40F1472A1C}.Debug|x86.Build.0 = Debug|Any CPU
		{FCF258EC-BBB8-41D2-B1DB-CB40F1472A1C}.Release|Any CPU.ActiveCfg = Release|Any CPU
		{FCF258EC-BBB8-41D2-B1DB-CB40F1472A1C}.Release|Any CPU.Build.0 = Release|Any CPU
		{FCF258EC-BBB8-41D2-B1DB-CB40F1472A1C}.Release|x64.ActiveCfg = Release|Any CPU
		{FCF258EC-BBB8-41D2-B1DB-CB40F1472A1C}.Release|x64.Build.0 = Release|Any CPU
		{FCF258EC-BBB8-41D2-B1DB-CB40F1472A1C}.Release|x86.ActiveCfg = Release|Any CPU
		{FCF258EC-BBB8-41D2-B1DB-CB40F1472A1C}.Release|x86.Build.0 = Release|Any CPU
		{B11B005E-D936-4EBC-86CB-8E785EF9DA08}.Debug|Any CPU.ActiveCfg = Debug|Any CPU
		{B11B005E-D936-4EBC-86CB-8E785EF9DA08}.Debug|Any CPU.Build.0 = Debug|Any CPU
		{B11B005E-D936-4EBC-86CB-8E785EF9DA08}.Debug|x64.ActiveCfg = Debug|Any CPU
		{B11B005E-D936-4EBC-86CB-8E785EF9DA08}.Debug|x64.Build.0 = Debug|Any CPU
		{B11B005E-D936-4EBC-86CB-8E785EF9DA08}.Debug|x86.ActiveCfg = Debug|Any CPU
		{B11B005E-D936-4EBC-86CB-8E785EF9DA08}.Debug|x86.Build.0 = Debug|Any CPU
		{B11B005E-D936-4EBC-86CB-8E785EF9DA08}.Release|Any CPU.ActiveCfg = Release|Any CPU
		{B11B005E-D936-4EBC-86CB-8E785EF9DA08}.Release|Any CPU.Build.0 = Release|Any CPU
		{B11B005E-D936-4EBC-86CB-8E785EF9DA08}.Release|x64.ActiveCfg = Release|Any CPU
		{B11B005E-D936-4EBC-86CB-8E785EF9DA08}.Release|x64.Build.0 = Release|Any CPU
		{B11B005E-D936-4EBC-86CB-8E785EF9DA08}.Release|x86.ActiveCfg = Release|Any CPU
		{B11B005E-D936-4EBC-86CB-8E785EF9DA08}.Release|x86.Build.0 = Release|Any CPU
		{B20E72AD-9614-4DD8-8982-3B445B0CEA49}.Debug|Any CPU.ActiveCfg = Debug|Any CPU
		{B20E72AD-9614-4DD8-8982-3B445B0CEA49}.Debug|Any CPU.Build.0 = Debug|Any CPU
		{B20E72AD-9614-4DD8-8982-3B445B0CEA49}.Debug|x64.ActiveCfg = Debug|Any CPU
		{B20E72AD-9614-4DD8-8982-3B445B0CEA49}.Debug|x64.Build.0 = Debug|Any CPU
		{B20E72AD-9614-4DD8-8982-3B445B0CEA49}.Debug|x86.ActiveCfg = Debug|Any CPU
		{B20E72AD-9614-4DD8-8982-3B445B0CEA49}.Debug|x86.Build.0 = Debug|Any CPU
		{B20E72AD-9614-4DD8-8982-3B445B0CEA49}.Release|Any CPU.ActiveCfg = Release|Any CPU
		{B20E72AD-9614-4DD8-8982-3B445B0CEA49}.Release|Any CPU.Build.0 = Release|Any CPU
		{B20E72AD-9614-4DD8-8982-3B445B0CEA49}.Release|x64.ActiveCfg = Release|Any CPU
		{B20E72AD-9614-4DD8-8982-3B445B0CEA49}.Release|x64.Build.0 = Release|Any CPU
		{B20E72AD-9614-4DD8-8982-3B445B0CEA49}.Release|x86.ActiveCfg = Release|Any CPU
		{B20E72AD-9614-4DD8-8982-3B445B0CEA49}.Release|x86.Build.0 = Release|Any CPU
		{957275BB-21AB-42AF-BE07-FB50A87C704B}.Debug|Any CPU.ActiveCfg = Debug|Any CPU
		{957275BB-21AB-42AF-BE07-FB50A87C704B}.Debug|Any CPU.Build.0 = Debug|Any CPU
		{957275BB-21AB-42AF-BE07-FB50A87C704B}.Debug|x64.ActiveCfg = Debug|Any CPU
		{957275BB-21AB-42AF-BE07-FB50A87C704B}.Debug|x64.Build.0 = Debug|Any CPU
		{957275BB-21AB-42AF-BE07-FB50A87C704B}.Debug|x86.ActiveCfg = Debug|Any CPU
		{957275BB-21AB-42AF-BE07-FB50A87C704B}.Debug|x86.Build.0 = Debug|Any CPU
		{957275BB-21AB-42AF-BE07-FB50A87C704B}.Release|Any CPU.ActiveCfg = Release|Any CPU
		{957275BB-21AB-42AF-BE07-FB50A87C704B}.Release|Any CPU.Build.0 = Release|Any CPU
		{957275BB-21AB-42AF-BE07-FB50A87C704B}.Release|x64.ActiveCfg = Release|Any CPU
		{957275BB-21AB-42AF-BE07-FB50A87C704B}.Release|x64.Build.0 = Release|Any CPU
		{957275BB-21AB-42AF-BE07-FB50A87C704B}.Release|x86.ActiveCfg = Release|Any CPU
		{957275BB-21AB-42AF-BE07-FB50A87C704B}.Release|x86.Build.0 = Release|Any CPU
		{47DA7912-C9B7-40FD-B65E-29618B4E4730}.Debug|Any CPU.ActiveCfg = Debug|Any CPU
		{47DA7912-C9B7-40FD-B65E-29618B4E4730}.Debug|Any CPU.Build.0 = Debug|Any CPU
		{47DA7912-C9B7-40FD-B65E-29618B4E4730}.Debug|x64.ActiveCfg = Debug|Any CPU
		{47DA7912-C9B7-40FD-B65E-29618B4E4730}.Debug|x64.Build.0 = Debug|Any CPU
		{47DA7912-C9B7-40FD-B65E-29618B4E4730}.Debug|x86.ActiveCfg = Debug|Any CPU
		{47DA7912-C9B7-40FD-B65E-29618B4E4730}.Debug|x86.Build.0 = Debug|Any CPU
		{47DA7912-C9B7-40FD-B65E-29618B4E4730}.Release|Any CPU.ActiveCfg = Release|Any CPU
		{47DA7912-C9B7-40FD-B65E-29618B4E4730}.Release|Any CPU.Build.0 = Release|Any CPU
		{47DA7912-C9B7-40FD-B65E-29618B4E4730}.Release|x64.ActiveCfg = Release|Any CPU
		{47DA7912-C9B7-40FD-B65E-29618B4E4730}.Release|x64.Build.0 = Release|Any CPU
		{47DA7912-C9B7-40FD-B65E-29618B4E4730}.Release|x86.ActiveCfg = Release|Any CPU
		{47DA7912-C9B7-40FD-B65E-29618B4E4730}.Release|x86.Build.0 = Release|Any CPU
		{050997C9-4AA1-4930-AF96-A55141EE2486}.Debug|Any CPU.ActiveCfg = Debug|Any CPU
		{050997C9-4AA1-4930-AF96-A55141EE2486}.Debug|Any CPU.Build.0 = Debug|Any CPU
		{050997C9-4AA1-4930-AF96-A55141EE2486}.Debug|x64.ActiveCfg = Debug|Any CPU
		{050997C9-4AA1-4930-AF96-A55141EE2486}.Debug|x64.Build.0 = Debug|Any CPU
		{050997C9-4AA1-4930-AF96-A55141EE2486}.Debug|x86.ActiveCfg = Debug|Any CPU
		{050997C9-4AA1-4930-AF96-A55141EE2486}.Debug|x86.Build.0 = Debug|Any CPU
		{050997C9-4AA1-4930-AF96-A55141EE2486}.Release|Any CPU.ActiveCfg = Release|Any CPU
		{050997C9-4AA1-4930-AF96-A55141EE2486}.Release|Any CPU.Build.0 = Release|Any CPU
		{050997C9-4AA1-4930-AF96-A55141EE2486}.Release|x64.ActiveCfg = Release|Any CPU
		{050997C9-4AA1-4930-AF96-A55141EE2486}.Release|x64.Build.0 = Release|Any CPU
		{050997C9-4AA1-4930-AF96-A55141EE2486}.Release|x86.ActiveCfg = Release|Any CPU
		{050997C9-4AA1-4930-AF96-A55141EE2486}.Release|x86.Build.0 = Release|Any CPU
		{C00E4EB4-C6B0-4CE8-ABA4-C9BFDFC381A6}.Debug|Any CPU.ActiveCfg = Debug|Any CPU
		{C00E4EB4-C6B0-4CE8-ABA4-C9BFDFC381A6}.Debug|Any CPU.Build.0 = Debug|Any CPU
		{C00E4EB4-C6B0-4CE8-ABA4-C9BFDFC381A6}.Debug|x64.ActiveCfg = Debug|Any CPU
		{C00E4EB4-C6B0-4CE8-ABA4-C9BFDFC381A6}.Debug|x64.Build.0 = Debug|Any CPU
		{C00E4EB4-C6B0-4CE8-ABA4-C9BFDFC381A6}.Debug|x86.ActiveCfg = Debug|Any CPU
		{C00E4EB4-C6B0-4CE8-ABA4-C9BFDFC381A6}.Debug|x86.Build.0 = Debug|Any CPU
		{C00E4EB4-C6B0-4CE8-ABA4-C9BFDFC381A6}.Release|Any CPU.ActiveCfg = Release|Any CPU
		{C00E4EB4-C6B0-4CE8-ABA4-C9BFDFC381A6}.Release|Any CPU.Build.0 = Release|Any CPU
		{C00E4EB4-C6B0-4CE8-ABA4-C9BFDFC381A6}.Release|x64.ActiveCfg = Release|Any CPU
		{C00E4EB4-C6B0-4CE8-ABA4-C9BFDFC381A6}.Release|x64.Build.0 = Release|Any CPU
		{C00E4EB4-C6B0-4CE8-ABA4-C9BFDFC381A6}.Release|x86.ActiveCfg = Release|Any CPU
		{C00E4EB4-C6B0-4CE8-ABA4-C9BFDFC381A6}.Release|x86.Build.0 = Release|Any CPU
	EndGlobalSection
	GlobalSection(SolutionProperties) = preSolution
		HideSolutionNode = FALSE
	EndGlobalSection
	GlobalSection(NestedProjects) = preSolution
		{D1FFBA36-169E-D4FC-9216-EAC901C41D54} = {EB5D65CF-FD37-16C0-3293-5E9FB153C94C}
		{F3EAFDC9-0539-4792-8C05-8E10DA6260C9} = {D1FFBA36-169E-D4FC-9216-EAC901C41D54}
		{86C6AB44-AC8B-5D83-C3F2-F91E6ABA1664} = {EB5D65CF-FD37-16C0-3293-5E9FB153C94C}
		{FCF258EC-BBB8-41D2-B1DB-CB40F1472A1C} = {86C6AB44-AC8B-5D83-C3F2-F91E6ABA1664}
		{C848060F-AB54-2EF7-544F-8BBEFF6B08B1} = {EB5D65CF-FD37-16C0-3293-5E9FB153C94C}
		{B11B005E-D936-4EBC-86CB-8E785EF9DA08} = {C848060F-AB54-2EF7-544F-8BBEFF6B08B1}
		{E8E09AFA-9E62-9514-2A80-7A68E593A95C} = {EB5D65CF-FD37-16C0-3293-5E9FB153C94C}
		{B20E72AD-9614-4DD8-8982-3B445B0CEA49} = {E8E09AFA-9E62-9514-2A80-7A68E593A95C}
	EndGlobalSection
	GlobalSection(ExtensibilityGlobals) = postSolution
		SolutionGuid = {F85D81E5-08BC-4DA4-89AF-8478B659DE1C}
	EndGlobalSection
EndGlobal
