
Microsoft Visual Studio Solution File, Format Version 12.00
# Visual Studio Version 17
VisualStudioVersion = 17.0.31903.59
MinimumVisualStudioVersion = 10.0.40219.1
Project("{FAE04EC0-301F-11D3-BF4B-00C04F79EFBC}") = "Story04", "Story04.csproj", "{CDFE808B-F66A-4BEE-AAE9-74055200C2BD}"
EndProject
Project("{FAE04EC0-301F-11D3-BF4B-00C04F79EFBC}") = "SleipnirServer", "..\..\SleipnirServer\SleipnirServer.csproj", "{590D41E9-1A7C-4D88-ABEE-0770577AC2D8}"
EndProject
Project("{FAE04EC0-301F-11D3-BF4B-00C04F79EFBC}") = "SleipnirHub", "..\..\SleipnirHub\SleipnirHub.csproj", "{B46FF35B-2BF9-4F1F-B692-25A8DD3BB209}"
EndProject
Project("{FAE04EC0-301F-11D3-BF4B-00C04F79EFBC}") = "SleipnirCore", "..\..\SleipnirCore\SleipnirCore.csproj", "{E26ACBF3-AE1B-4492-9224-7B5821B1FA7E}"
EndProject
Project("{FAE04EC0-301F-11D3-BF4B-00C04F79EFBC}") = "SleipnirCommon", "..\..\SleipnirCommon\SleipnirCommon.csproj", "{6526796C-65BF-4BDE-9F2D-A6D86BB1A1D4}"
EndProject
Project("{FAE04EC0-301F-11D3-BF4B-00C04F79EFBC}") = "SleipnirRest", "..\..\SleipnirRest\SleipnirRest.csproj", "{D20F98BB-E368-4AAB-A3E1-713E41BD3BF7}"
EndProject
Project("{FAE04EC0-301F-11D3-BF4B-00C04F79EFBC}") = "SleipnirWebSocket", "..\..\SleipnirWebSocket\SleipnirWebSocket.csproj", "{8CC2967C-BC4D-4B61-9CF8-AD81B85522FD}"
EndProject
Project("{FAE04EC0-301F-11D3-BF4B-00C04F79EFBC}") = "SleipnirDeveloperUi", "..\..\SleipnirDeveloperUi\SleipnirDeveloperUi.csproj", "{D16BE0B1-79A5-4F09-8462-AECDB6E2C4C7}"
EndProject
Project("{FAE04EC0-301F-11D3-BF4B-00C04F79EFBC}") = "SleipnirClient", "..\..\SleipnirClient\SleipnirClient.csproj", "{F1F9BCF6-67A1-4F9C-A6BE-EE857751EDF9}"
EndProject
Global
	GlobalSection(SolutionConfigurationPlatforms) = preSolution
		Debug|Any CPU = Debug|Any CPU
		Debug|x64 = Debug|x64
		Debug|x86 = Debug|x86
		Release|Any CPU = Release|Any CPU
		Release|x64 = Release|x64
		Release|x86 = Release|x86
	EndGlobalSection
	GlobalSection(ProjectConfigurationPlatforms) = postSolution
		{CDFE808B-F66A-4BEE-AAE9-74055200C2BD}.Debug|Any CPU.ActiveCfg = Debug|Any CPU
		{CDFE808B-F66A-4BEE-AAE9-74055200C2BD}.Debug|Any CPU.Build.0 = Debug|Any CPU
		{CDFE808B-F66A-4BEE-AAE9-74055200C2BD}.Debug|x64.ActiveCfg = Debug|Any CPU
		{CDFE808B-F66A-4BEE-AAE9-74055200C2BD}.Debug|x64.Build.0 = Debug|Any CPU
		{CDFE808B-F66A-4BEE-AAE9-74055200C2BD}.Debug|x86.ActiveCfg = Debug|Any CPU
		{CDFE808B-F66A-4BEE-AAE9-74055200C2BD}.Debug|x86.Build.0 = Debug|Any CPU
		{CDFE808B-F66A-4BEE-AAE9-74055200C2BD}.Release|Any CPU.ActiveCfg = Release|Any CPU
		{CDFE808B-F66A-4BEE-AAE9-74055200C2BD}.Release|Any CPU.Build.0 = Release|Any CPU
		{CDFE808B-F66A-4BEE-AAE9-74055200C2BD}.Release|x64.ActiveCfg = Release|Any CPU
		{CDFE808B-F66A-4BEE-AAE9-74055200C2BD}.Release|x64.Build.0 = Release|Any CPU
		{CDFE808B-F66A-4BEE-AAE9-74055200C2BD}.Release|x86.ActiveCfg = Release|Any CPU
		{CDFE808B-F66A-4BEE-AAE9-74055200C2BD}.Release|x86.Build.0 = Release|Any CPU
		{590D41E9-1A7C-4D88-ABEE-0770577AC2D8}.Debug|Any CPU.ActiveCfg = Debug|Any CPU
		{590D41E9-1A7C-4D88-ABEE-0770577AC2D8}.Debug|Any CPU.Build.0 = Debug|Any CPU
		{590D41E9-1A7C-4D88-ABEE-0770577AC2D8}.Debug|x64.ActiveCfg = Debug|Any CPU
		{590D41E9-1A7C-4D88-ABEE-0770577AC2D8}.Debug|x64.Build.0 = Debug|Any CPU
		{590D41E9-1A7C-4D88-ABEE-0770577AC2D8}.Debug|x86.ActiveCfg = Debug|Any CPU
		{590D41E9-1A7C-4D88-ABEE-0770577AC2D8}.Debug|x86.Build.0 = Debug|Any CPU
		{590D41E9-1A7C-4D88-ABEE-0770577AC2D8}.Release|Any CPU.ActiveCfg = Release|Any CPU
		{590D41E9-1A7C-4D88-ABEE-0770577AC2D8}.Release|Any CPU.Build.0 = Release|Any CPU
		{590D41E9-1A7C-4D88-ABEE-0770577AC2D8}.Release|x64.ActiveCfg = Release|Any CPU
		{590D41E9-1A7C-4D88-ABEE-0770577AC2D8}.Release|x64.Build.0 = Release|Any CPU
		{590D41E9-1A7C-4D88-ABEE-0770577AC2D8}.Release|x86.ActiveCfg = Release|Any CPU
		{590D41E9-1A7C-4D88-ABEE-0770577AC2D8}.Release|x86.Build.0 = Release|Any CPU
		{B46FF35B-2BF9-4F1F-B692-25A8DD3BB209}.Debug|Any CPU.ActiveCfg = Debug|Any CPU
		{B46FF35B-2BF9-4F1F-B692-25A8DD3BB209}.Debug|Any CPU.Build.0 = Debug|Any CPU
		{B46FF35B-2BF9-4F1F-B692-25A8DD3BB209}.Debug|x64.ActiveCfg = Debug|Any CPU
		{B46FF35B-2BF9-4F1F-B692-25A8DD3BB209}.Debug|x64.Build.0 = Debug|Any CPU
		{B46FF35B-2BF9-4F1F-B692-25A8DD3BB209}.Debug|x86.ActiveCfg = Debug|Any CPU
		{B46FF35B-2BF9-4F1F-B692-25A8DD3BB209}.Debug|x86.Build.0 = Debug|Any CPU
		{B46FF35B-2BF9-4F1F-B692-25A8DD3BB209}.Release|Any CPU.ActiveCfg = Release|Any CPU
		{B46FF35B-2BF9-4F1F-B692-25A8DD3BB209}.Release|Any CPU.Build.0 = Release|Any CPU
		{B46FF35B-2BF9-4F1F-B692-25A8DD3BB209}.Release|x64.ActiveCfg = Release|Any CPU
		{B46FF35B-2BF9-4F1F-B692-25A8DD3BB209}.Release|x64.Build.0 = Release|Any CPU
		{B46FF35B-2BF9-4F1F-B692-25A8DD3BB209}.Release|x86.ActiveCfg = Release|Any CPU
		{B46FF35B-2BF9-4F1F-B692-25A8DD3BB209}.Release|x86.Build.0 = Release|Any CPU
		{E26ACBF3-AE1B-4492-9224-7B5821B1FA7E}.Debug|Any CPU.ActiveCfg = Debug|Any CPU
		{E26ACBF3-AE1B-4492-9224-7B5821B1FA7E}.Debug|Any CPU.Build.0 = Debug|Any CPU
		{E26ACBF3-AE1B-4492-9224-7B5821B1FA7E}.Debug|x64.ActiveCfg = Debug|Any CPU
		{E26ACBF3-AE1B-4492-9224-7B5821B1FA7E}.Debug|x64.Build.0 = Debug|Any CPU
		{E26ACBF3-AE1B-4492-9224-7B5821B1FA7E}.Debug|x86.ActiveCfg = Debug|Any CPU
		{E26ACBF3-AE1B-4492-9224-7B5821B1FA7E}.Debug|x86.Build.0 = Debug|Any CPU
		{E26ACBF3-AE1B-4492-9224-7B5821B1FA7E}.Release|Any CPU.ActiveCfg = Release|Any CPU
		{E26ACBF3-AE1B-4492-9224-7B5821B1FA7E}.Release|Any CPU.Build.0 = Release|Any CPU
		{E26ACBF3-AE1B-4492-9224-7B5821B1FA7E}.Release|x64.ActiveCfg = Release|Any CPU
		{E26ACBF3-AE1B-4492-9224-7B5821B1FA7E}.Release|x64.Build.0 = Release|Any CPU
		{E26ACBF3-AE1B-4492-9224-7B5821B1FA7E}.Release|x86.ActiveCfg = Release|Any CPU
		{E26ACBF3-AE1B-4492-9224-7B5821B1FA7E}.Release|x86.Build.0 = Release|Any CPU
		{6526796C-65BF-4BDE-9F2D-A6D86BB1A1D4}.Debug|Any CPU.ActiveCfg = Debug|Any CPU
		{6526796C-65BF-4BDE-9F2D-A6D86BB1A1D4}.Debug|Any CPU.Build.0 = Debug|Any CPU
		{6526796C-65BF-4BDE-9F2D-A6D86BB1A1D4}.Debug|x64.ActiveCfg = Debug|Any CPU
		{6526796C-65BF-4BDE-9F2D-A6D86BB1A1D4}.Debug|x64.Build.0 = Debug|Any CPU
		{6526796C-65BF-4BDE-9F2D-A6D86BB1A1D4}.Debug|x86.ActiveCfg = Debug|Any CPU
		{6526796C-65BF-4BDE-9F2D-A6D86BB1A1D4}.Debug|x86.Build.0 = Debug|Any CPU
		{6526796C-65BF-4BDE-9F2D-A6D86BB1A1D4}.Release|Any CPU.ActiveCfg = Release|Any CPU
		{6526796C-65BF-4BDE-9F2D-A6D86BB1A1D4}.Release|Any CPU.Build.0 = Release|Any CPU
		{6526796C-65BF-4BDE-9F2D-A6D86BB1A1D4}.Release|x64.ActiveCfg = Release|Any CPU
		{6526796C-65BF-4BDE-9F2D-A6D86BB1A1D4}.Release|x64.Build.0 = Release|Any CPU
		{6526796C-65BF-4BDE-9F2D-A6D86BB1A1D4}.Release|x86.ActiveCfg = Release|Any CPU
		{6526796C-65BF-4BDE-9F2D-A6D86BB1A1D4}.Release|x86.Build.0 = Release|Any CPU
		{D20F98BB-E368-4AAB-A3E1-713E41BD3BF7}.Debug|Any CPU.ActiveCfg = Debug|Any CPU
		{D20F98BB-E368-4AAB-A3E1-713E41BD3BF7}.Debug|Any CPU.Build.0 = Debug|Any CPU
		{D20F98BB-E368-4AAB-A3E1-713E41BD3BF7}.Debug|x64.ActiveCfg = Debug|Any CPU
		{D20F98BB-E368-4AAB-A3E1-713E41BD3BF7}.Debug|x64.Build.0 = Debug|Any CPU
		{D20F98BB-E368-4AAB-A3E1-713E41BD3BF7}.Debug|x86.ActiveCfg = Debug|Any CPU
		{D20F98BB-E368-4AAB-A3E1-713E41BD3BF7}.Debug|x86.Build.0 = Debug|Any CPU
		{D20F98BB-E368-4AAB-A3E1-713E41BD3BF7}.Release|Any CPU.ActiveCfg = Release|Any CPU
		{D20F98BB-E368-4AAB-A3E1-713E41BD3BF7}.Release|Any CPU.Build.0 = Release|Any CPU
		{D20F98BB-E368-4AAB-A3E1-713E41BD3BF7}.Release|x64.ActiveCfg = Release|Any CPU
		{D20F98BB-E368-4AAB-A3E1-713E41BD3BF7}.Release|x64.Build.0 = Release|Any CPU
		{D20F98BB-E368-4AAB-A3E1-713E41BD3BF7}.Release|x86.ActiveCfg = Release|Any CPU
		{D20F98BB-E368-4AAB-A3E1-713E41BD3BF7}.Release|x86.Build.0 = Release|Any CPU
		{8CC2967C-BC4D-4B61-9CF8-AD81B85522FD}.Debug|Any CPU.ActiveCfg = Debug|Any CPU
		{8CC2967C-BC4D-4B61-9CF8-AD81B85522FD}.Debug|Any CPU.Build.0 = Debug|Any CPU
		{8CC2967C-BC4D-4B61-9CF8-AD81B85522FD}.Debug|x64.ActiveCfg = Debug|Any CPU
		{8CC2967C-BC4D-4B61-9CF8-AD81B85522FD}.Debug|x64.Build.0 = Debug|Any CPU
		{8CC2967C-BC4D-4B61-9CF8-AD81B85522FD}.Debug|x86.ActiveCfg = Debug|Any CPU
		{8CC2967C-BC4D-4B61-9CF8-AD81B85522FD}.Debug|x86.Build.0 = Debug|Any CPU
		{8CC2967C-BC4D-4B61-9CF8-AD81B85522FD}.Release|Any CPU.ActiveCfg = Release|Any CPU
		{8CC2967C-BC4D-4B61-9CF8-AD81B85522FD}.Release|Any CPU.Build.0 = Release|Any CPU
		{8CC2967C-BC4D-4B61-9CF8-AD81B85522FD}.Release|x64.ActiveCfg = Release|Any CPU
		{8CC2967C-BC4D-4B61-9CF8-AD81B85522FD}.Release|x64.Build.0 = Release|Any CPU
		{8CC2967C-BC4D-4B61-9CF8-AD81B85522FD}.Release|x86.ActiveCfg = Release|Any CPU
		{8CC2967C-BC4D-4B61-9CF8-AD81B85522FD}.Release|x86.Build.0 = Release|Any CPU
		{D16BE0B1-79A5-4F09-8462-AECDB6E2C4C7}.Debug|Any CPU.ActiveCfg = Debug|Any CPU
		{D16BE0B1-79A5-4F09-8462-AECDB6E2C4C7}.Debug|Any CPU.Build.0 = Debug|Any CPU
		{D16BE0B1-79A5-4F09-8462-AECDB6E2C4C7}.Debug|x64.ActiveCfg = Debug|Any CPU
		{D16BE0B1-79A5-4F09-8462-AECDB6E2C4C7}.Debug|x64.Build.0 = Debug|Any CPU
		{D16BE0B1-79A5-4F09-8462-AECDB6E2C4C7}.Debug|x86.ActiveCfg = Debug|Any CPU
		{D16BE0B1-79A5-4F09-8462-AECDB6E2C4C7}.Debug|x86.Build.0 = Debug|Any CPU
		{D16BE0B1-79A5-4F09-8462-AECDB6E2C4C7}.Release|Any CPU.ActiveCfg = Release|Any CPU
		{D16BE0B1-79A5-4F09-8462-AECDB6E2C4C7}.Release|Any CPU.Build.0 = Release|Any CPU
		{D16BE0B1-79A5-4F09-8462-AECDB6E2C4C7}.Release|x64.ActiveCfg = Release|Any CPU
		{D16BE0B1-79A5-4F09-8462-AECDB6E2C4C7}.Release|x64.Build.0 = Release|Any CPU
		{D16BE0B1-79A5-4F09-8462-AECDB6E2C4C7}.Release|x86.ActiveCfg = Release|Any CPU
		{D16BE0B1-79A5-4F09-8462-AECDB6E2C4C7}.Release|x86.Build.0 = Release|Any CPU
		{F1F9BCF6-67A1-4F9C-A6BE-EE857751EDF9}.Debug|Any CPU.ActiveCfg = Debug|Any CPU
		{F1F9BCF6-67A1-4F9C-A6BE-EE857751EDF9}.Debug|Any CPU.Build.0 = Debug|Any CPU
		{F1F9BCF6-67A1-4F9C-A6BE-EE857751EDF9}.Debug|x64.ActiveCfg = Debug|Any CPU
		{F1F9BCF6-67A1-4F9C-A6BE-EE857751EDF9}.Debug|x64.Build.0 = Debug|Any CPU
		{F1F9BCF6-67A1-4F9C-A6BE-EE857751EDF9}.Debug|x86.ActiveCfg = Debug|Any CPU
		{F1F9BCF6-67A1-4F9C-A6BE-EE857751EDF9}.Debug|x86.Build.0 = Debug|Any CPU
		{F1F9BCF6-67A1-4F9C-A6BE-EE857751EDF9}.Release|Any CPU.ActiveCfg = Release|Any CPU
		{F1F9BCF6-67A1-4F9C-A6BE-EE857751EDF9}.Release|Any CPU.Build.0 = Release|Any CPU
		{F1F9BCF6-67A1-4F9C-A6BE-EE857751EDF9}.Release|x64.ActiveCfg = Release|Any CPU
		{F1F9BCF6-67A1-4F9C-A6BE-EE857751EDF9}.Release|x64.Build.0 = Release|Any CPU
		{F1F9BCF6-67A1-4F9C-A6BE-EE857751EDF9}.Release|x86.ActiveCfg = Release|Any CPU
		{F1F9BCF6-67A1-4F9C-A6BE-EE857751EDF9}.Release|x86.Build.0 = Release|Any CPU
	EndGlobalSection
	GlobalSection(SolutionProperties) = preSolution
		HideSolutionNode = FALSE
	EndGlobalSection
EndGlobal
