
Microsoft Visual Studio Solution File, Format Version 12.00
# Visual Studio Version 17
VisualStudioVersion = 17.0.31903.59
MinimumVisualStudioVersion = 10.0.40219.1
Project("{FAE04EC0-301F-11D3-BF4B-00C04F79EFBC}") = "Story01", "Story01.csproj", "{61D6D9DE-5A6E-43EA-892B-D0808DE453DB}"
EndProject
Project("{FAE04EC0-301F-11D3-BF4B-00C04F79EFBC}") = "TrameServer", "..\..\TrameServer\TrameServer.csproj", "{66D4C7B0-347C-422A-86E2-DD14A7B2FE70}"
EndProject
Project("{FAE04EC0-301F-11D3-BF4B-00C04F79EFBC}") = "TrameHub", "..\..\TrameHub\TrameHub.csproj", "{08BFF4F1-50F7-4119-B757-A609872F0936}"
EndProject
Project("{FAE04EC0-301F-11D3-BF4B-00C04F79EFBC}") = "TrameCore", "..\..\TrameCore\TrameCore.csproj", "{FB1EDF67-20D3-495C-875E-2BD4DF529DDC}"
EndProject
Project("{FAE04EC0-301F-11D3-BF4B-00C04F79EFBC}") = "TrameCommon", "..\..\TrameCommon\TrameCommon.csproj", "{58950F0A-5F30-4498-A923-51F9FE18A36D}"
EndProject
Project("{FAE04EC0-301F-11D3-BF4B-00C04F79EFBC}") = "TrameRest", "..\..\TrameRest\TrameRest.csproj", "{02682855-B8E4-492B-A5CA-699FD80CECB9}"
EndProject
Project("{FAE04EC0-301F-11D3-BF4B-00C04F79EFBC}") = "TrameWebSocket", "..\..\TrameWebSocket\TrameWebSocket.csproj", "{BE099E08-1992-4930-ADDC-E2BCE87D3975}"
EndProject
Project("{FAE04EC0-301F-11D3-BF4B-00C04F79EFBC}") = "TrameDeveloperUi", "..\..\TrameDeveloperUi\TrameDeveloperUi.csproj", "{4A1D0F49-A4FA-41C6-83C5-46938D350967}"
EndProject
Global
	GlobalSection(SolutionConfigurationPlatforms) = preSolution
		Debug|Any CPU = Debug|Any CPU
		Debug|x64 = Debug|x64
		Debug|x86 = Debug|x86
		Release|Any CPU = Release|Any CPU
		Release|x64 = Release|x64
		Release|x86 = Release|x86
	EndGlobalSection
	GlobalSection(ProjectConfigurationPlatforms) = postSolution
		{61D6D9DE-5A6E-43EA-892B-D0808DE453DB}.Debug|Any CPU.ActiveCfg = Debug|Any CPU
		{61D6D9DE-5A6E-43EA-892B-D0808DE453DB}.Debug|Any CPU.Build.0 = Debug|Any CPU
		{61D6D9DE-5A6E-43EA-892B-D0808DE453DB}.Debug|x64.ActiveCfg = Debug|Any CPU
		{61D6D9DE-5A6E-43EA-892B-D0808DE453DB}.Debug|x64.Build.0 = Debug|Any CPU
		{61D6D9DE-5A6E-43EA-892B-D0808DE453DB}.Debug|x86.ActiveCfg = Debug|Any CPU
		{61D6D9DE-5A6E-43EA-892B-D0808DE453DB}.Debug|x86.Build.0 = Debug|Any CPU
		{61D6D9DE-5A6E-43EA-892B-D0808DE453DB}.Release|Any CPU.ActiveCfg = Release|Any CPU
		{61D6D9DE-5A6E-43EA-892B-D0808DE453DB}.Release|Any CPU.Build.0 = Release|Any CPU
		{61D6D9DE-5A6E-43EA-892B-D0808DE453DB}.Release|x64.ActiveCfg = Release|Any CPU
		{61D6D9DE-5A6E-43EA-892B-D0808DE453DB}.Release|x64.Build.0 = Release|Any CPU
		{61D6D9DE-5A6E-43EA-892B-D0808DE453DB}.Release|x86.ActiveCfg = Release|Any CPU
		{61D6D9DE-5A6E-43EA-892B-D0808DE453DB}.Release|x86.Build.0 = Release|Any CPU
		{66D4C7B0-347C-422A-86E2-DD14A7B2FE70}.Debug|Any CPU.ActiveCfg = Debug|Any CPU
		{66D4C7B0-347C-422A-86E2-DD14A7B2FE70}.Debug|Any CPU.Build.0 = Debug|Any CPU
		{66D4C7B0-347C-422A-86E2-DD14A7B2FE70}.Debug|x64.ActiveCfg = Debug|Any CPU
		{66D4C7B0-347C-422A-86E2-DD14A7B2FE70}.Debug|x64.Build.0 = Debug|Any CPU
		{66D4C7B0-347C-422A-86E2-DD14A7B2FE70}.Debug|x86.ActiveCfg = Debug|Any CPU
		{66D4C7B0-347C-422A-86E2-DD14A7B2FE70}.Debug|x86.Build.0 = Debug|Any CPU
		{66D4C7B0-347C-422A-86E2-DD14A7B2FE70}.Release|Any CPU.ActiveCfg = Release|Any CPU
		{66D4C7B0-347C-422A-86E2-DD14A7B2FE70}.Release|Any CPU.Build.0 = Release|Any CPU
		{66D4C7B0-347C-422A-86E2-DD14A7B2FE70}.Release|x64.ActiveCfg = Release|Any CPU
		{66D4C7B0-347C-422A-86E2-DD14A7B2FE70}.Release|x64.Build.0 = Release|Any CPU
		{66D4C7B0-347C-422A-86E2-DD14A7B2FE70}.Release|x86.ActiveCfg = Release|Any CPU
		{66D4C7B0-347C-422A-86E2-DD14A7B2FE70}.Release|x86.Build.0 = Release|Any CPU
		{08BFF4F1-50F7-4119-B757-A609872F0936}.Debug|Any CPU.ActiveCfg = Debug|Any CPU
		{08BFF4F1-50F7-4119-B757-A609872F0936}.Debug|Any CPU.Build.0 = Debug|Any CPU
		{08BFF4F1-50F7-4119-B757-A609872F0936}.Debug|x64.ActiveCfg = Debug|Any CPU
		{08BFF4F1-50F7-4119-B757-A609872F0936}.Debug|x64.Build.0 = Debug|Any CPU
		{08BFF4F1-50F7-4119-B757-A609872F0936}.Debug|x86.ActiveCfg = Debug|Any CPU
		{08BFF4F1-50F7-4119-B757-A609872F0936}.Debug|x86.Build.0 = Debug|Any CPU
		{08BFF4F1-50F7-4119-B757-A609872F0936}.Release|Any CPU.ActiveCfg = Release|Any CPU
		{08BFF4F1-50F7-4119-B757-A609872F0936}.Release|Any CPU.Build.0 = Release|Any CPU
		{08BFF4F1-50F7-4119-B757-A609872F0936}.Release|x64.ActiveCfg = Release|Any CPU
		{08BFF4F1-50F7-4119-B757-A609872F0936}.Release|x64.Build.0 = Release|Any CPU
		{08BFF4F1-50F7-4119-B757-A609872F0936}.Release|x86.ActiveCfg = Release|Any CPU
		{08BFF4F1-50F7-4119-B757-A609872F0936}.Release|x86.Build.0 = Release|Any CPU
		{FB1EDF67-20D3-495C-875E-2BD4DF529DDC}.Debug|Any CPU.ActiveCfg = Debug|Any CPU
		{FB1EDF67-20D3-495C-875E-2BD4DF529DDC}.Debug|Any CPU.Build.0 = Debug|Any CPU
		{FB1EDF67-20D3-495C-875E-2BD4DF529DDC}.Debug|x64.ActiveCfg = Debug|Any CPU
		{FB1EDF67-20D3-495C-875E-2BD4DF529DDC}.Debug|x64.Build.0 = Debug|Any CPU
		{FB1EDF67-20D3-495C-875E-2BD4DF529DDC}.Debug|x86.ActiveCfg = Debug|Any CPU
		{FB1EDF67-20D3-495C-875E-2BD4DF529DDC}.Debug|x86.Build.0 = Debug|Any CPU
		{FB1EDF67-20D3-495C-875E-2BD4DF529DDC}.Release|Any CPU.ActiveCfg = Release|Any CPU
		{FB1EDF67-20D3-495C-875E-2BD4DF529DDC}.Release|Any CPU.Build.0 = Release|Any CPU
		{FB1EDF67-20D3-495C-875E-2BD4DF529DDC}.Release|x64.ActiveCfg = Release|Any CPU
		{FB1EDF67-20D3-495C-875E-2BD4DF529DDC}.Release|x64.Build.0 = Release|Any CPU
		{FB1EDF67-20D3-495C-875E-2BD4DF529DDC}.Release|x86.ActiveCfg = Release|Any CPU
		{FB1EDF67-20D3-495C-875E-2BD4DF529DDC}.Release|x86.Build.0 = Release|Any CPU
		{58950F0A-5F30-4498-A923-51F9FE18A36D}.Debug|Any CPU.ActiveCfg = Debug|Any CPU
		{58950F0A-5F30-4498-A923-51F9FE18A36D}.Debug|Any CPU.Build.0 = Debug|Any CPU
		{58950F0A-5F30-4498-A923-51F9FE18A36D}.Debug|x64.ActiveCfg = Debug|Any CPU
		{58950F0A-5F30-4498-A923-51F9FE18A36D}.Debug|x64.Build.0 = Debug|Any CPU
		{58950F0A-5F30-4498-A923-51F9FE18A36D}.Debug|x86.ActiveCfg = Debug|Any CPU
		{58950F0A-5F30-4498-A923-51F9FE18A36D}.Debug|x86.Build.0 = Debug|Any CPU
		{58950F0A-5F30-4498-A923-51F9FE18A36D}.Release|Any CPU.ActiveCfg = Release|Any CPU
		{58950F0A-5F30-4498-A923-51F9FE18A36D}.Release|Any CPU.Build.0 = Release|Any CPU
		{58950F0A-5F30-4498-A923-51F9FE18A36D}.Release|x64.ActiveCfg = Release|Any CPU
		{58950F0A-5F30-4498-A923-51F9FE18A36D}.Release|x64.Build.0 = Release|Any CPU
		{58950F0A-5F30-4498-A923-51F9FE18A36D}.Release|x86.ActiveCfg = Release|Any CPU
		{58950F0A-5F30-4498-A923-51F9FE18A36D}.Release|x86.Build.0 = Release|Any CPU
		{02682855-B8E4-492B-A5CA-699FD80CECB9}.Debug|Any CPU.ActiveCfg = Debug|Any CPU
		{02682855-B8E4-492B-A5CA-699FD80CECB9}.Debug|Any CPU.Build.0 = Debug|Any CPU
		{02682855-B8E4-492B-A5CA-699FD80CECB9}.Debug|x64.ActiveCfg = Debug|Any CPU
		{02682855-B8E4-492B-A5CA-699FD80CECB9}.Debug|x64.Build.0 = Debug|Any CPU
		{02682855-B8E4-492B-A5CA-699FD80CECB9}.Debug|x86.ActiveCfg = Debug|Any CPU
		{02682855-B8E4-492B-A5CA-699FD80CECB9}.Debug|x86.Build.0 = Debug|Any CPU
		{02682855-B8E4-492B-A5CA-699FD80CECB9}.Release|Any CPU.ActiveCfg = Release|Any CPU
		{02682855-B8E4-492B-A5CA-699FD80CECB9}.Release|Any CPU.Build.0 = Release|Any CPU
		{02682855-B8E4-492B-A5CA-699FD80CECB9}.Release|x64.ActiveCfg = Release|Any CPU
		{02682855-B8E4-492B-A5CA-699FD80CECB9}.Release|x64.Build.0 = Release|Any CPU
		{02682855-B8E4-492B-A5CA-699FD80CECB9}.Release|x86.ActiveCfg = Release|Any CPU
		{02682855-B8E4-492B-A5CA-699FD80CECB9}.Release|x86.Build.0 = Release|Any CPU
		{BE099E08-1992-4930-ADDC-E2BCE87D3975}.Debug|Any CPU.ActiveCfg = Debug|Any CPU
		{BE099E08-1992-4930-ADDC-E2BCE87D3975}.Debug|Any CPU.Build.0 = Debug|Any CPU
		{BE099E08-1992-4930-ADDC-E2BCE87D3975}.Debug|x64.ActiveCfg = Debug|Any CPU
		{BE099E08-1992-4930-ADDC-E2BCE87D3975}.Debug|x64.Build.0 = Debug|Any CPU
		{BE099E08-1992-4930-ADDC-E2BCE87D3975}.Debug|x86.ActiveCfg = Debug|Any CPU
		{BE099E08-1992-4930-ADDC-E2BCE87D3975}.Debug|x86.Build.0 = Debug|Any CPU
		{BE099E08-1992-4930-ADDC-E2BCE87D3975}.Release|Any CPU.ActiveCfg = Release|Any CPU
		{BE099E08-1992-4930-ADDC-E2BCE87D3975}.Release|Any CPU.Build.0 = Release|Any CPU
		{BE099E08-1992-4930-ADDC-E2BCE87D3975}.Release|x64.ActiveCfg = Release|Any CPU
		{BE099E08-1992-4930-ADDC-E2BCE87D3975}.Release|x64.Build.0 = Release|Any CPU
		{BE099E08-1992-4930-ADDC-E2BCE87D3975}.Release|x86.ActiveCfg = Release|Any CPU
		{BE099E08-1992-4930-ADDC-E2BCE87D3975}.Release|x86.Build.0 = Release|Any CPU
		{4A1D0F49-A4FA-41C6-83C5-46938D350967}.Debug|Any CPU.ActiveCfg = Debug|Any CPU
		{4A1D0F49-A4FA-41C6-83C5-46938D350967}.Debug|Any CPU.Build.0 = Debug|Any CPU
		{4A1D0F49-A4FA-41C6-83C5-46938D350967}.Debug|x64.ActiveCfg = Debug|Any CPU
		{4A1D0F49-A4FA-41C6-83C5-46938D350967}.Debug|x64.Build.0 = Debug|Any CPU
		{4A1D0F49-A4FA-41C6-83C5-46938D350967}.Debug|x86.ActiveCfg = Debug|Any CPU
		{4A1D0F49-A4FA-41C6-83C5-46938D350967}.Debug|x86.Build.0 = Debug|Any CPU
		{4A1D0F49-A4FA-41C6-83C5-46938D350967}.Release|Any CPU.ActiveCfg = Release|Any CPU
		{4A1D0F49-A4FA-41C6-83C5-46938D350967}.Release|Any CPU.Build.0 = Release|Any CPU
		{4A1D0F49-A4FA-41C6-83C5-46938D350967}.Release|x64.ActiveCfg = Release|Any CPU
		{4A1D0F49-A4FA-41C6-83C5-46938D350967}.Release|x64.Build.0 = Release|Any CPU
		{4A1D0F49-A4FA-41C6-83C5-46938D350967}.Release|x86.ActiveCfg = Release|Any CPU
		{4A1D0F49-A4FA-41C6-83C5-46938D350967}.Release|x86.Build.0 = Release|Any CPU
	EndGlobalSection
	GlobalSection(SolutionProperties) = preSolution
		HideSolutionNode = FALSE
	EndGlobalSection
EndGlobal
