
Microsoft Visual Studio Solution File, Format Version 12.00
# Visual Studio Version 17
VisualStudioVersion = 17.0.31903.59
MinimumVisualStudioVersion = 10.0.40219.1
Project("{FAE04EC0-301F-11D3-BF4B-00C04F79EFBC}") = "Story02", "Story02.csproj", "{B6346F84-231C-46F9-8359-84620B272DC4}"
EndProject
Project("{FAE04EC0-301F-11D3-BF4B-00C04F79EFBC}") = "TrameServer", "..\..\TrameServer\TrameServer.csproj", "{81D72D33-61F4-4024-907C-E2BD1FE313F0}"
EndProject
Project("{FAE04EC0-301F-11D3-BF4B-00C04F79EFBC}") = "TrameHub", "..\..\TrameHub\TrameHub.csproj", "{7BE9396B-39D5-4BEF-98FF-A9E90E77D852}"
EndProject
Project("{FAE04EC0-301F-11D3-BF4B-00C04F79EFBC}") = "TrameCore", "..\..\TrameCore\TrameCore.csproj", "{F469BAD0-B570-4F1C-A32E-577E58B03364}"
EndProject
Project("{FAE04EC0-301F-11D3-BF4B-00C04F79EFBC}") = "TrameCommon", "..\..\TrameCommon\TrameCommon.csproj", "{72B32120-BE7F-46E4-A724-DCA7083A345A}"
EndProject
Project("{FAE04EC0-301F-11D3-BF4B-00C04F79EFBC}") = "TrameRest", "..\..\TrameRest\TrameRest.csproj", "{B1C611DC-242B-4141-8A47-9B13AC694382}"
EndProject
Project("{FAE04EC0-301F-11D3-BF4B-00C04F79EFBC}") = "TrameWebSocket", "..\..\TrameWebSocket\TrameWebSocket.csproj", "{3208B67D-C10B-4C39-88AF-28D6C3743317}"
EndProject
Project("{FAE04EC0-301F-11D3-BF4B-00C04F79EFBC}") = "TrameDeveloperUi", "..\..\TrameDeveloperUi\TrameDeveloperUi.csproj", "{27054D3E-9A51-4EF8-B201-2D9F969A2C80}"
EndProject
Global
	GlobalSection(SolutionConfigurationPlatforms) = preSolution
		Debug|Any CPU = Debug|Any CPU
		Debug|x64 = Debug|x64
		Debug|x86 = Debug|x86
		Release|Any CPU = Release|Any CPU
		Release|x64 = Release|x64
		Release|x86 = Release|x86
	EndGlobalSection
	GlobalSection(ProjectConfigurationPlatforms) = postSolution
		{B6346F84-231C-46F9-8359-84620B272DC4}.Debug|Any CPU.ActiveCfg = Debug|Any CPU
		{B6346F84-231C-46F9-8359-84620B272DC4}.Debug|Any CPU.Build.0 = Debug|Any CPU
		{B6346F84-231C-46F9-8359-84620B272DC4}.Debug|x64.ActiveCfg = Debug|Any CPU
		{B6346F84-231C-46F9-8359-84620B272DC4}.Debug|x64.Build.0 = Debug|Any CPU
		{B6346F84-231C-46F9-8359-84620B272DC4}.Debug|x86.ActiveCfg = Debug|Any CPU
		{B6346F84-231C-46F9-8359-84620B272DC4}.Debug|x86.Build.0 = Debug|Any CPU
		{B6346F84-231C-46F9-8359-84620B272DC4}.Release|Any CPU.ActiveCfg = Release|Any CPU
		{B6346F84-231C-46F9-8359-84620B272DC4}.Release|Any CPU.Build.0 = Release|Any CPU
		{B6346F84-231C-46F9-8359-84620B272DC4}.Release|x64.ActiveCfg = Release|Any CPU
		{B6346F84-231C-46F9-8359-84620B272DC4}.Release|x64.Build.0 = Release|Any CPU
		{B6346F84-231C-46F9-8359-84620B272DC4}.Release|x86.ActiveCfg = Release|Any CPU
		{B6346F84-231C-46F9-8359-84620B272DC4}.Release|x86.Build.0 = Release|Any CPU
		{81D72D33-61F4-4024-907C-E2BD1FE313F0}.Debug|Any CPU.ActiveCfg = Debug|Any CPU
		{81D72D33-61F4-4024-907C-E2BD1FE313F0}.Debug|Any CPU.Build.0 = Debug|Any CPU
		{81D72D33-61F4-4024-907C-E2BD1FE313F0}.Debug|x64.ActiveCfg = Debug|Any CPU
		{81D72D33-61F4-4024-907C-E2BD1FE313F0}.Debug|x64.Build.0 = Debug|Any CPU
		{81D72D33-61F4-4024-907C-E2BD1FE313F0}.Debug|x86.ActiveCfg = Debug|Any CPU
		{81D72D33-61F4-4024-907C-E2BD1FE313F0}.Debug|x86.Build.0 = Debug|Any CPU
		{81D72D33-61F4-4024-907C-E2BD1FE313F0}.Release|Any CPU.ActiveCfg = Release|Any CPU
		{81D72D33-61F4-4024-907C-E2BD1FE313F0}.Release|Any CPU.Build.0 = Release|Any CPU
		{81D72D33-61F4-4024-907C-E2BD1FE313F0}.Release|x64.ActiveCfg = Release|Any CPU
		{81D72D33-61F4-4024-907C-E2BD1FE313F0}.Release|x64.Build.0 = Release|Any CPU
		{81D72D33-61F4-4024-907C-E2BD1FE313F0}.Release|x86.ActiveCfg = Release|Any CPU
		{81D72D33-61F4-4024-907C-E2BD1FE313F0}.Release|x86.Build.0 = Release|Any CPU
		{7BE9396B-39D5-4BEF-98FF-A9E90E77D852}.Debug|Any CPU.ActiveCfg = Debug|Any CPU
		{7BE9396B-39D5-4BEF-98FF-A9E90E77D852}.Debug|Any CPU.Build.0 = Debug|Any CPU
		{7BE9396B-39D5-4BEF-98FF-A9E90E77D852}.Debug|x64.ActiveCfg = Debug|Any CPU
		{7BE9396B-39D5-4BEF-98FF-A9E90E77D852}.Debug|x64.Build.0 = Debug|Any CPU
		{7BE9396B-39D5-4BEF-98FF-A9E90E77D852}.Debug|x86.ActiveCfg = Debug|Any CPU
		{7BE9396B-39D5-4BEF-98FF-A9E90E77D852}.Debug|x86.Build.0 = Debug|Any CPU
		{7BE9396B-39D5-4BEF-98FF-A9E90E77D852}.Release|Any CPU.ActiveCfg = Release|Any CPU
		{7BE9396B-39D5-4BEF-98FF-A9E90E77D852}.Release|Any CPU.Build.0 = Release|Any CPU
		{7BE9396B-39D5-4BEF-98FF-A9E90E77D852}.Release|x64.ActiveCfg = Release|Any CPU
		{7BE9396B-39D5-4BEF-98FF-A9E90E77D852}.Release|x64.Build.0 = Release|Any CPU
		{7BE9396B-39D5-4BEF-98FF-A9E90E77D852}.Release|x86.ActiveCfg = Release|Any CPU
		{7BE9396B-39D5-4BEF-98FF-A9E90E77D852}.Release|x86.Build.0 = Release|Any CPU
		{F469BAD0-B570-4F1C-A32E-577E58B03364}.Debug|Any CPU.ActiveCfg = Debug|Any CPU
		{F469BAD0-B570-4F1C-A32E-577E58B03364}.Debug|Any CPU.Build.0 = Debug|Any CPU
		{F469BAD0-B570-4F1C-A32E-577E58B03364}.Debug|x64.ActiveCfg = Debug|Any CPU
		{F469BAD0-B570-4F1C-A32E-577E58B03364}.Debug|x64.Build.0 = Debug|Any CPU
		{F469BAD0-B570-4F1C-A32E-577E58B03364}.Debug|x86.ActiveCfg = Debug|Any CPU
		{F469BAD0-B570-4F1C-A32E-577E58B03364}.Debug|x86.Build.0 = Debug|Any CPU
		{F469BAD0-B570-4F1C-A32E-577E58B03364}.Release|Any CPU.ActiveCfg = Release|Any CPU
		{F469BAD0-B570-4F1C-A32E-577E58B03364}.Release|Any CPU.Build.0 = Release|Any CPU
		{F469BAD0-B570-4F1C-A32E-577E58B03364}.Release|x64.ActiveCfg = Release|Any CPU
		{F469BAD0-B570-4F1C-A32E-577E58B03364}.Release|x64.Build.0 = Release|Any CPU
		{F469BAD0-B570-4F1C-A32E-577E58B03364}.Release|x86.ActiveCfg = Release|Any CPU
		{F469BAD0-B570-4F1C-A32E-577E58B03364}.Release|x86.Build.0 = Release|Any CPU
		{72B32120-BE7F-46E4-A724-DCA7083A345A}.Debug|Any CPU.ActiveCfg = Debug|Any CPU
		{72B32120-BE7F-46E4-A724-DCA7083A345A}.Debug|Any CPU.Build.0 = Debug|Any CPU
		{72B32120-BE7F-46E4-A724-DCA7083A345A}.Debug|x64.ActiveCfg = Debug|Any CPU
		{72B32120-BE7F-46E4-A724-DCA7083A345A}.Debug|x64.Build.0 = Debug|Any CPU
		{72B32120-BE7F-46E4-A724-DCA7083A345A}.Debug|x86.ActiveCfg = Debug|Any CPU
		{72B32120-BE7F-46E4-A724-DCA7083A345A}.Debug|x86.Build.0 = Debug|Any CPU
		{72B32120-BE7F-46E4-A724-DCA7083A345A}.Release|Any CPU.ActiveCfg = Release|Any CPU
		{72B32120-BE7F-46E4-A724-DCA7083A345A}.Release|Any CPU.Build.0 = Release|Any CPU
		{72B32120-BE7F-46E4-A724-DCA7083A345A}.Release|x64.ActiveCfg = Release|Any CPU
		{72B32120-BE7F-46E4-A724-DCA7083A345A}.Release|x64.Build.0 = Release|Any CPU
		{72B32120-BE7F-46E4-A724-DCA7083A345A}.Release|x86.ActiveCfg = Release|Any CPU
		{72B32120-BE7F-46E4-A724-DCA7083A345A}.Release|x86.Build.0 = Release|Any CPU
		{B1C611DC-242B-4141-8A47-9B13AC694382}.Debug|Any CPU.ActiveCfg = Debug|Any CPU
		{B1C611DC-242B-4141-8A47-9B13AC694382}.Debug|Any CPU.Build.0 = Debug|Any CPU
		{B1C611DC-242B-4141-8A47-9B13AC694382}.Debug|x64.ActiveCfg = Debug|Any CPU
		{B1C611DC-242B-4141-8A47-9B13AC694382}.Debug|x64.Build.0 = Debug|Any CPU
		{B1C611DC-242B-4141-8A47-9B13AC694382}.Debug|x86.ActiveCfg = Debug|Any CPU
		{B1C611DC-242B-4141-8A47-9B13AC694382}.Debug|x86.Build.0 = Debug|Any CPU
		{B1C611DC-242B-4141-8A47-9B13AC694382}.Release|Any CPU.ActiveCfg = Release|Any CPU
		{B1C611DC-242B-4141-8A47-9B13AC694382}.Release|Any CPU.Build.0 = Release|Any CPU
		{B1C611DC-242B-4141-8A47-9B13AC694382}.Release|x64.ActiveCfg = Release|Any CPU
		{B1C611DC-242B-4141-8A47-9B13AC694382}.Release|x64.Build.0 = Release|Any CPU
		{B1C611DC-242B-4141-8A47-9B13AC694382}.Release|x86.ActiveCfg = Release|Any CPU
		{B1C611DC-242B-4141-8A47-9B13AC694382}.Release|x86.Build.0 = Release|Any CPU
		{3208B67D-C10B-4C39-88AF-28D6C3743317}.Debug|Any CPU.ActiveCfg = Debug|Any CPU
		{3208B67D-C10B-4C39-88AF-28D6C3743317}.Debug|Any CPU.Build.0 = Debug|Any CPU
		{3208B67D-C10B-4C39-88AF-28D6C3743317}.Debug|x64.ActiveCfg = Debug|Any CPU
		{3208B67D-C10B-4C39-88AF-28D6C3743317}.Debug|x64.Build.0 = Debug|Any CPU
		{3208B67D-C10B-4C39-88AF-28D6C3743317}.Debug|x86.ActiveCfg = Debug|Any CPU
		{3208B67D-C10B-4C39-88AF-28D6C3743317}.Debug|x86.Build.0 = Debug|Any CPU
		{3208B67D-C10B-4C39-88AF-28D6C3743317}.Release|Any CPU.ActiveCfg = Release|Any CPU
		{3208B67D-C10B-4C39-88AF-28D6C3743317}.Release|Any CPU.Build.0 = Release|Any CPU
		{3208B67D-C10B-4C39-88AF-28D6C3743317}.Release|x64.ActiveCfg = Release|Any CPU
		{3208B67D-C10B-4C39-88AF-28D6C3743317}.Release|x64.Build.0 = Release|Any CPU
		{3208B67D-C10B-4C39-88AF-28D6C3743317}.Release|x86.ActiveCfg = Release|Any CPU
		{3208B67D-C10B-4C39-88AF-28D6C3743317}.Release|x86.Build.0 = Release|Any CPU
		{27054D3E-9A51-4EF8-B201-2D9F969A2C80}.Debug|Any CPU.ActiveCfg = Debug|Any CPU
		{27054D3E-9A51-4EF8-B201-2D9F969A2C80}.Debug|Any CPU.Build.0 = Debug|Any CPU
		{27054D3E-9A51-4EF8-B201-2D9F969A2C80}.Debug|x64.ActiveCfg = Debug|Any CPU
		{27054D3E-9A51-4EF8-B201-2D9F969A2C80}.Debug|x64.Build.0 = Debug|Any CPU
		{27054D3E-9A51-4EF8-B201-2D9F969A2C80}.Debug|x86.ActiveCfg = Debug|Any CPU
		{27054D3E-9A51-4EF8-B201-2D9F969A2C80}.Debug|x86.Build.0 = Debug|Any CPU
		{27054D3E-9A51-4EF8-B201-2D9F969A2C80}.Release|Any CPU.ActiveCfg = Release|Any CPU
		{27054D3E-9A51-4EF8-B201-2D9F969A2C80}.Release|Any CPU.Build.0 = Release|Any CPU
		{27054D3E-9A51-4EF8-B201-2D9F969A2C80}.Release|x64.ActiveCfg = Release|Any CPU
		{27054D3E-9A51-4EF8-B201-2D9F969A2C80}.Release|x64.Build.0 = Release|Any CPU
		{27054D3E-9A51-4EF8-B201-2D9F969A2C80}.Release|x86.ActiveCfg = Release|Any CPU
		{27054D3E-9A51-4EF8-B201-2D9F969A2C80}.Release|x86.Build.0 = Release|Any CPU
	EndGlobalSection
	GlobalSection(SolutionProperties) = preSolution
		HideSolutionNode = FALSE
	EndGlobalSection
EndGlobal
