
Microsoft Visual Studio Solution File, Format Version 12.00
# Visual Studio Version 17
VisualStudioVersion = 17.0.31903.59
MinimumVisualStudioVersion = 10.0.40219.1
Project("{FAE04EC0-301F-11D3-BF4B-00C04F79EFBC}") = "Story03", "Story03.csproj", "{5FBDD263-2370-4EBC-87A9-77195DA1633E}"
EndProject
Project("{FAE04EC0-301F-11D3-BF4B-00C04F79EFBC}") = "SleipnirServer", "..\..\SleipnirServer\SleipnirServer.csproj", "{5FDE98F6-8892-4DA1-8E2D-A11B2040F92A}"
EndProject
Project("{FAE04EC0-301F-11D3-BF4B-00C04F79EFBC}") = "SleipnirHub", "..\..\SleipnirHub\SleipnirHub.csproj", "{286479F5-5B47-4331-BFC5-84B0C2BC614C}"
EndProject
Project("{FAE04EC0-301F-11D3-BF4B-00C04F79EFBC}") = "SleipnirCore", "..\..\SleipnirCore\SleipnirCore.csproj", "{C5494FD0-BA6F-48B7-9F00-4604B3A239F6}"
EndProject
Project("{FAE04EC0-301F-11D3-BF4B-00C04F79EFBC}") = "SleipnirCommon", "..\..\SleipnirCommon\SleipnirCommon.csproj", "{20586E25-8DD2-47D2-8D3E-DF1F7F6B808F}"
EndProject
Project("{FAE04EC0-301F-11D3-BF4B-00C04F79EFBC}") = "SleipnirRest", "..\..\SleipnirRest\SleipnirRest.csproj", "{77DEEADA-0D65-4266-8253-12261A5DA744}"
EndProject
Project("{FAE04EC0-301F-11D3-BF4B-00C04F79EFBC}") = "SleipnirWebSocket", "..\..\SleipnirWebSocket\SleipnirWebSocket.csproj", "{C09FE493-5100-4D32-9D4C-89BF82D9D716}"
EndProject
Project("{FAE04EC0-301F-11D3-BF4B-00C04F79EFBC}") = "SleipnirDeveloperUi", "..\..\SleipnirDeveloperUi\SleipnirDeveloperUi.csproj", "{729BA9A1-8007-4D7C-B3A0-6E6494887C39}"
EndProject
Project("{FAE04EC0-301F-11D3-BF4B-00C04F79EFBC}") = "SleipnirClient", "..\..\SleipnirClient\SleipnirClient.csproj", "{43AADE1D-C969-48CB-B0CE-D33C1EB9ED13}"
EndProject
Global
	GlobalSection(SolutionConfigurationPlatforms) = preSolution
		Debug|Any CPU = Debug|Any CPU
		Debug|x64 = Debug|x64
		Debug|x86 = Debug|x86
		Release|Any CPU = Release|Any CPU
		Release|x64 = Release|x64
		Release|x86 = Release|x86
	EndGlobalSection
	GlobalSection(ProjectConfigurationPlatforms) = postSolution
		{5FBDD263-2370-4EBC-87A9-77195DA1633E}.Debug|Any CPU.ActiveCfg = Debug|Any CPU
		{5FBDD263-2370-4EBC-87A9-77195DA1633E}.Debug|Any CPU.Build.0 = Debug|Any CPU
		{5FBDD263-2370-4EBC-87A9-77195DA1633E}.Debug|x64.ActiveCfg = Debug|Any CPU
		{5FBDD263-2370-4EBC-87A9-77195DA1633E}.Debug|x64.Build.0 = Debug|Any CPU
		{5FBDD263-2370-4EBC-87A9-77195DA1633E}.Debug|x86.ActiveCfg = Debug|Any CPU
		{5FBDD263-2370-4EBC-87A9-77195DA1633E}.Debug|x86.Build.0 = Debug|Any CPU
		{5FBDD263-2370-4EBC-87A9-77195DA1633E}.Release|Any CPU.ActiveCfg = Release|Any CPU
		{5FBDD263-2370-4EBC-87A9-77195DA1633E}.Release|Any CPU.Build.0 = Release|Any CPU
		{5FBDD263-2370-4EBC-87A9-77195DA1633E}.Release|x64.ActiveCfg = Release|Any CPU
		{5FBDD263-2370-4EBC-87A9-77195DA1633E}.Release|x64.Build.0 = Release|Any CPU
		{5FBDD263-2370-4EBC-87A9-77195DA1633E}.Release|x86.ActiveCfg = Release|Any CPU
		{5FBDD263-2370-4EBC-87A9-77195DA1633E}.Release|x86.Build.0 = Release|Any CPU
		{5FDE98F6-8892-4DA1-8E2D-A11B2040F92A}.Debug|Any CPU.ActiveCfg = Debug|Any CPU
		{5FDE98F6-8892-4DA1-8E2D-A11B2040F92A}.Debug|Any CPU.Build.0 = Debug|Any CPU
		{5FDE98F6-8892-4DA1-8E2D-A11B2040F92A}.Debug|x64.ActiveCfg = Debug|Any CPU
		{5FDE98F6-8892-4DA1-8E2D-A11B2040F92A}.Debug|x64.Build.0 = Debug|Any CPU
		{5FDE98F6-8892-4DA1-8E2D-A11B2040F92A}.Debug|x86.ActiveCfg = Debug|Any CPU
		{5FDE98F6-8892-4DA1-8E2D-A11B2040F92A}.Debug|x86.Build.0 = Debug|Any CPU
		{5FDE98F6-8892-4DA1-8E2D-A11B2040F92A}.Release|Any CPU.ActiveCfg = Release|Any CPU
		{5FDE98F6-8892-4DA1-8E2D-A11B2040F92A}.Release|Any CPU.Build.0 = Release|Any CPU
		{5FDE98F6-8892-4DA1-8E2D-A11B2040F92A}.Release|x64.ActiveCfg = Release|Any CPU
		{5FDE98F6-8892-4DA1-8E2D-A11B2040F92A}.Release|x64.Build.0 = Release|Any CPU
		{5FDE98F6-8892-4DA1-8E2D-A11B2040F92A}.Release|x86.ActiveCfg = Release|Any CPU
		{5FDE98F6-8892-4DA1-8E2D-A11B2040F92A}.Release|x86.Build.0 = Release|Any CPU
		{286479F5-5B47-4331-BFC5-84B0C2BC614C}.Debug|Any CPU.ActiveCfg = Debug|Any CPU
		{286479F5-5B47-4331-BFC5-84B0C2BC614C}.Debug|Any CPU.Build.0 = Debug|Any CPU
		{286479F5-5B47-4331-BFC5-84B0C2BC614C}.Debug|x64.ActiveCfg = Debug|Any CPU
		{286479F5-5B47-4331-BFC5-84B0C2BC614C}.Debug|x64.Build.0 = Debug|Any CPU
		{286479F5-5B47-4331-BFC5-84B0C2BC614C}.Debug|x86.ActiveCfg = Debug|Any CPU
		{286479F5-5B47-4331-BFC5-84B0C2BC614C}.Debug|x86.Build.0 = Debug|Any CPU
		{286479F5-5B47-4331-BFC5-84B0C2BC614C}.Release|Any CPU.ActiveCfg = Release|Any CPU
		{286479F5-5B47-4331-BFC5-84B0C2BC614C}.Release|Any CPU.Build.0 = Release|Any CPU
		{286479F5-5B47-4331-BFC5-84B0C2BC614C}.Release|x64.ActiveCfg = Release|Any CPU
		{286479F5-5B47-4331-BFC5-84B0C2BC614C}.Release|x64.Build.0 = Release|Any CPU
		{286479F5-5B47-4331-BFC5-84B0C2BC614C}.Release|x86.ActiveCfg = Release|Any CPU
		{286479F5-5B47-4331-BFC5-84B0C2BC614C}.Release|x86.Build.0 = Release|Any CPU
		{C5494FD0-BA6F-48B7-9F00-4604B3A239F6}.Debug|Any CPU.ActiveCfg = Debug|Any CPU
		{C5494FD0-BA6F-48B7-9F00-4604B3A239F6}.Debug|Any CPU.Build.0 = Debug|Any CPU
		{C5494FD0-BA6F-48B7-9F00-4604B3A239F6}.Debug|x64.ActiveCfg = Debug|Any CPU
		{C5494FD0-BA6F-48B7-9F00-4604B3A239F6}.Debug|x64.Build.0 = Debug|Any CPU
		{C5494FD0-BA6F-48B7-9F00-4604B3A239F6}.Debug|x86.ActiveCfg = Debug|Any CPU
		{C5494FD0-BA6F-48B7-9F00-4604B3A239F6}.Debug|x86.Build.0 = Debug|Any CPU
		{C5494FD0-BA6F-48B7-9F00-4604B3A239F6}.Release|Any CPU.ActiveCfg = Release|Any CPU
		{C5494FD0-BA6F-48B7-9F00-4604B3A239F6}.Release|Any CPU.Build.0 = Release|Any CPU
		{C5494FD0-BA6F-48B7-9F00-4604B3A239F6}.Release|x64.ActiveCfg = Release|Any CPU
		{C5494FD0-BA6F-48B7-9F00-4604B3A239F6}.Release|x64.Build.0 = Release|Any CPU
		{C5494FD0-BA6F-48B7-9F00-4604B3A239F6}.Release|x86.ActiveCfg = Release|Any CPU
		{C5494FD0-BA6F-48B7-9F00-4604B3A239F6}.Release|x86.Build.0 = Release|Any CPU
		{20586E25-8DD2-47D2-8D3E-DF1F7F6B808F}.Debug|Any CPU.ActiveCfg = Debug|Any CPU
		{20586E25-8DD2-47D2-8D3E-DF1F7F6B808F}.Debug|Any CPU.Build.0 = Debug|Any CPU
		{20586E25-8DD2-47D2-8D3E-DF1F7F6B808F}.Debug|x64.ActiveCfg = Debug|Any CPU
		{20586E25-8DD2-47D2-8D3E-DF1F7F6B808F}.Debug|x64.Build.0 = Debug|Any CPU
		{20586E25-8DD2-47D2-8D3E-DF1F7F6B808F}.Debug|x86.ActiveCfg = Debug|Any CPU
		{20586E25-8DD2-47D2-8D3E-DF1F7F6B808F}.Debug|x86.Build.0 = Debug|Any CPU
		{20586E25-8DD2-47D2-8D3E-DF1F7F6B808F}.Release|Any CPU.ActiveCfg = Release|Any CPU
		{20586E25-8DD2-47D2-8D3E-DF1F7F6B808F}.Release|Any CPU.Build.0 = Release|Any CPU
		{20586E25-8DD2-47D2-8D3E-DF1F7F6B808F}.Release|x64.ActiveCfg = Release|Any CPU
		{20586E25-8DD2-47D2-8D3E-DF1F7F6B808F}.Release|x64.Build.0 = Release|Any CPU
		{20586E25-8DD2-47D2-8D3E-DF1F7F6B808F}.Release|x86.ActiveCfg = Release|Any CPU
		{20586E25-8DD2-47D2-8D3E-DF1F7F6B808F}.Release|x86.Build.0 = Release|Any CPU
		{77DEEADA-0D65-4266-8253-12261A5DA744}.Debug|Any CPU.ActiveCfg = Debug|Any CPU
		{77DEEADA-0D65-4266-8253-12261A5DA744}.Debug|Any CPU.Build.0 = Debug|Any CPU
		{77DEEADA-0D65-4266-8253-12261A5DA744}.Debug|x64.ActiveCfg = Debug|Any CPU
		{77DEEADA-0D65-4266-8253-12261A5DA744}.Debug|x64.Build.0 = Debug|Any CPU
		{77DEEADA-0D65-4266-8253-12261A5DA744}.Debug|x86.ActiveCfg = Debug|Any CPU
		{77DEEADA-0D65-4266-8253-12261A5DA744}.Debug|x86.Build.0 = Debug|Any CPU
		{77DEEADA-0D65-4266-8253-12261A5DA744}.Release|Any CPU.ActiveCfg = Release|Any CPU
		{77DEEADA-0D65-4266-8253-12261A5DA744}.Release|Any CPU.Build.0 = Release|Any CPU
		{77DEEADA-0D65-4266-8253-12261A5DA744}.Release|x64.ActiveCfg = Release|Any CPU
		{77DEEADA-0D65-4266-8253-12261A5DA744}.Release|x64.Build.0 = Release|Any CPU
		{77DEEADA-0D65-4266-8253-12261A5DA744}.Release|x86.ActiveCfg = Release|Any CPU
		{77DEEADA-0D65-4266-8253-12261A5DA744}.Release|x86.Build.0 = Release|Any CPU
		{C09FE493-5100-4D32-9D4C-89BF82D9D716}.Debug|Any CPU.ActiveCfg = Debug|Any CPU
		{C09FE493-5100-4D32-9D4C-89BF82D9D716}.Debug|Any CPU.Build.0 = Debug|Any CPU
		{C09FE493-5100-4D32-9D4C-89BF82D9D716}.Debug|x64.ActiveCfg = Debug|Any CPU
		{C09FE493-5100-4D32-9D4C-89BF82D9D716}.Debug|x64.Build.0 = Debug|Any CPU
		{C09FE493-5100-4D32-9D4C-89BF82D9D716}.Debug|x86.ActiveCfg = Debug|Any CPU
		{C09FE493-5100-4D32-9D4C-89BF82D9D716}.Debug|x86.Build.0 = Debug|Any CPU
		{C09FE493-5100-4D32-9D4C-89BF82D9D716}.Release|Any CPU.ActiveCfg = Release|Any CPU
		{C09FE493-5100-4D32-9D4C-89BF82D9D716}.Release|Any CPU.Build.0 = Release|Any CPU
		{C09FE493-5100-4D32-9D4C-89BF82D9D716}.Release|x64.ActiveCfg = Release|Any CPU
		{C09FE493-5100-4D32-9D4C-89BF82D9D716}.Release|x64.Build.0 = Release|Any CPU
		{C09FE493-5100-4D32-9D4C-89BF82D9D716}.Release|x86.ActiveCfg = Release|Any CPU
		{C09FE493-5100-4D32-9D4C-89BF82D9D716}.Release|x86.Build.0 = Release|Any CPU
		{729BA9A1-8007-4D7C-B3A0-6E6494887C39}.Debug|Any CPU.ActiveCfg = Debug|Any CPU
		{729BA9A1-8007-4D7C-B3A0-6E6494887C39}.Debug|Any CPU.Build.0 = Debug|Any CPU
		{729BA9A1-8007-4D7C-B3A0-6E6494887C39}.Debug|x64.ActiveCfg = Debug|Any CPU
		{729BA9A1-8007-4D7C-B3A0-6E6494887C39}.Debug|x64.Build.0 = Debug|Any CPU
		{729BA9A1-8007-4D7C-B3A0-6E6494887C39}.Debug|x86.ActiveCfg = Debug|Any CPU
		{729BA9A1-8007-4D7C-B3A0-6E6494887C39}.Debug|x86.Build.0 = Debug|Any CPU
		{729BA9A1-8007-4D7C-B3A0-6E6494887C39}.Release|Any CPU.ActiveCfg = Release|Any CPU
		{729BA9A1-8007-4D7C-B3A0-6E6494887C39}.Release|Any CPU.Build.0 = Release|Any CPU
		{729BA9A1-8007-4D7C-B3A0-6E6494887C39}.Release|x64.ActiveCfg = Release|Any CPU
		{729BA9A1-8007-4D7C-B3A0-6E6494887C39}.Release|x64.Build.0 = Release|Any CPU
		{729BA9A1-8007-4D7C-B3A0-6E6494887C39}.Release|x86.ActiveCfg = Release|Any CPU
		{729BA9A1-8007-4D7C-B3A0-6E6494887C39}.Release|x86.Build.0 = Release|Any CPU
		{43AADE1D-C969-48CB-B0CE-D33C1EB9ED13}.Debug|Any CPU.ActiveCfg = Debug|Any CPU
		{43AADE1D-C969-48CB-B0CE-D33C1EB9ED13}.Debug|Any CPU.Build.0 = Debug|Any CPU
		{43AADE1D-C969-48CB-B0CE-D33C1EB9ED13}.Debug|x64.ActiveCfg = Debug|Any CPU
		{43AADE1D-C969-48CB-B0CE-D33C1EB9ED13}.Debug|x64.Build.0 = Debug|Any CPU
		{43AADE1D-C969-48CB-B0CE-D33C1EB9ED13}.Debug|x86.ActiveCfg = Debug|Any CPU
		{43AADE1D-C969-48CB-B0CE-D33C1EB9ED13}.Debug|x86.Build.0 = Debug|Any CPU
		{43AADE1D-C969-48CB-B0CE-D33C1EB9ED13}.Release|Any CPU.ActiveCfg = Release|Any CPU
		{43AADE1D-C969-48CB-B0CE-D33C1EB9ED13}.Release|Any CPU.Build.0 = Release|Any CPU
		{43AADE1D-C969-48CB-B0CE-D33C1EB9ED13}.Release|x64.ActiveCfg = Release|Any CPU
		{43AADE1D-C969-48CB-B0CE-D33C1EB9ED13}.Release|x64.Build.0 = Release|Any CPU
		{43AADE1D-C969-48CB-B0CE-D33C1EB9ED13}.Release|x86.ActiveCfg = Release|Any CPU
		{43AADE1D-C969-48CB-B0CE-D33C1EB9ED13}.Release|x86.Build.0 = Release|Any CPU
	EndGlobalSection
	GlobalSection(SolutionProperties) = preSolution
		HideSolutionNode = FALSE
	EndGlobalSection
EndGlobal
