
Microsoft Visual Studio Solution File, Format Version 12.00
# Visual Studio Version 17
VisualStudioVersion = 17.0.31903.59
MinimumVisualStudioVersion = 10.0.40219.1
Project("{2150E333-8FDC-42A3-9474-1A3956D46DE8}") = "server", "server", "{DAD03CFC-D5FA-AC94-41C7-9ABAB326F09E}"
EndProject
Project("{FAE04EC0-301F-11D3-BF4B-00C04F79EFBC}") = "Story.Api", "server\Story.Api.csproj", "{82347571-7E35-4DEB-A86F-16EF376B659E}"
EndProject
Project("{FAE04EC0-301F-11D3-BF4B-00C04F79EFBC}") = "SleipnirServer", "..\SleipnirServer\SleipnirServer.csproj", "{8042188A-EFD1-4D6C-9798-57BC1CEA053C}"
EndProject
Project("{FAE04EC0-301F-11D3-BF4B-00C04F79EFBC}") = "SleipnirHub", "..\SleipnirHub\SleipnirHub.csproj", "{2588CCA5-EA4B-4925-A092-001EF78BA573}"
EndProject
Project("{FAE04EC0-301F-11D3-BF4B-00C04F79EFBC}") = "SleipnirCore", "..\SleipnirCore\SleipnirCore.csproj", "{120E8FAA-8062-446F-ACA8-C9BCC87DE85D}"
EndProject
Project("{FAE04EC0-301F-11D3-BF4B-00C04F79EFBC}") = "SleipnirCommon", "..\SleipnirCommon\SleipnirCommon.csproj", "{12847E21-1B5A-44FC-B9BF-5E1E24BB2AB2}"
EndProject
Project("{FAE04EC0-301F-11D3-BF4B-00C04F79EFBC}") = "SleipnirRest", "..\SleipnirRest\SleipnirRest.csproj", "{B6B8EEC0-06BC-421A-BE31-FF02CB196B7C}"
EndProject
Project("{FAE04EC0-301F-11D3-BF4B-00C04F79EFBC}") = "SleipnirWebSocket", "..\SleipnirWebSocket\SleipnirWebSocket.csproj", "{EF9C5CFD-F0EA-49DC-AA6A-2C102F142154}"
EndProject
Project("{FAE04EC0-301F-11D3-BF4B-00C04F79EFBC}") = "SleipnirDeveloperUi", "..\SleipnirDeveloperUi\SleipnirDeveloperUi.csproj", "{2FE632A0-25CF-4883-A77B-832A1246A770}"
EndProject
Project("{2150E333-8FDC-42A3-9474-1A3956D46DE8}") = "admin", "admin", "{08363F22-23A7-70B7-557A-C076A2D48378}"
EndProject
Project("{FAE04EC0-301F-11D3-BF4B-00C04F79EFBC}") = "Story.Admin", "admin\Story.Admin.csproj", "{5FAB7FE5-07D6-4B66-86E5-CFD9D4AEF34E}"
EndProject
Project("{FAE04EC0-301F-11D3-BF4B-00C04F79EFBC}") = "SleipnirClient", "..\SleipnirClient\SleipnirClient.csproj", "{845E7D86-57D5-4979-919E-DF7985C5E19F}"
EndProject
Project("{FAE04EC0-301F-11D3-BF4B-00C04F79EFBC}") = "Sleipnir.SourceGenerator", "..\Sleipnir.SourceGenerator\Sleipnir.SourceGenerator.csproj", "{B282C6FE-3639-4C04-9B13-F17C54119996}"
EndProject
Global
	GlobalSection(SolutionConfigurationPlatforms) = preSolution
		Debug|Any CPU = Debug|Any CPU
		Debug|x64 = Debug|x64
		Debug|x86 = Debug|x86
		Release|Any CPU = Release|Any CPU
		Release|x64 = Release|x64
		Release|x86 = Release|x86
	EndGlobalSection
	GlobalSection(ProjectConfigurationPlatforms) = postSolution
		{82347571-7E35-4DEB-A86F-16EF376B659E}.Debug|Any CPU.ActiveCfg = Debug|Any CPU
		{82347571-7E35-4DEB-A86F-16EF376B659E}.Debug|Any CPU.Build.0 = Debug|Any CPU
		{82347571-7E35-4DEB-A86F-16EF376B659E}.Debug|x64.ActiveCfg = Debug|Any CPU
		{82347571-7E35-4DEB-A86F-16EF376B659E}.Debug|x64.Build.0 = Debug|Any CPU
		{82347571-7E35-4DEB-A86F-16EF376B659E}.Debug|x86.ActiveCfg = Debug|Any CPU
		{82347571-7E35-4DEB-A86F-16EF376B659E}.Debug|x86.Build.0 = Debug|Any CPU
		{82347571-7E35-4DEB-A86F-16EF376B659E}.Release|Any CPU.ActiveCfg = Release|Any CPU
		{82347571-7E35-4DEB-A86F-16EF376B659E}.Release|Any CPU.Build.0 = Release|Any CPU
		{82347571-7E35-4DEB-A86F-16EF376B659E}.Release|x64.ActiveCfg = Release|Any CPU
		{82347571-7E35-4DEB-A86F-16EF376B659E}.Release|x64.Build.0 = Release|Any CPU
		{82347571-7E35-4DEB-A86F-16EF376B659E}.Release|x86.ActiveCfg = Release|Any CPU
		{82347571-7E35-4DEB-A86F-16EF376B659E}.Release|x86.Build.0 = Release|Any CPU
		{8042188A-EFD1-4D6C-9798-57BC1CEA053C}.Debug|Any CPU.ActiveCfg = Debug|Any CPU
		{8042188A-EFD1-4D6C-9798-57BC1CEA053C}.Debug|Any CPU.Build.0 = Debug|Any CPU
		{8042188A-EFD1-4D6C-9798-57BC1CEA053C}.Debug|x64.ActiveCfg = Debug|Any CPU
		{8042188A-EFD1-4D6C-9798-57BC1CEA053C}.Debug|x64.Build.0 = Debug|Any CPU
		{8042188A-EFD1-4D6C-9798-57BC1CEA053C}.Debug|x86.ActiveCfg = Debug|Any CPU
		{8042188A-EFD1-4D6C-9798-57BC1CEA053C}.Debug|x86.Build.0 = Debug|Any CPU
		{8042188A-EFD1-4D6C-9798-57BC1CEA053C}.Release|Any CPU.ActiveCfg = Release|Any CPU
		{8042188A-EFD1-4D6C-9798-57BC1CEA053C}.Release|Any CPU.Build.0 = Release|Any CPU
		{8042188A-EFD1-4D6C-9798-57BC1CEA053C}.Release|x64.ActiveCfg = Release|Any CPU
		{8042188A-EFD1-4D6C-9798-57BC1CEA053C}.Release|x64.Build.0 = Release|Any CPU
		{8042188A-EFD1-4D6C-9798-57BC1CEA053C}.Release|x86.ActiveCfg = Release|Any CPU
		{8042188A-EFD1-4D6C-9798-57BC1CEA053C}.Release|x86.Build.0 = Release|Any CPU
		{2588CCA5-EA4B-4925-A092-001EF78BA573}.Debug|Any CPU.ActiveCfg = Debug|Any CPU
		{2588CCA5-EA4B-4925-A092-001EF78BA573}.Debug|Any CPU.Build.0 = Debug|Any CPU
		{2588CCA5-EA4B-4925-A092-001EF78BA573}.Debug|x64.ActiveCfg = Debug|Any CPU
		{2588CCA5-EA4B-4925-A092-001EF78BA573}.Debug|x64.Build.0 = Debug|Any CPU
		{2588CCA5-EA4B-4925-A092-001EF78BA573}.Debug|x86.ActiveCfg = Debug|Any CPU
		{2588CCA5-EA4B-4925-A092-001EF78BA573}.Debug|x86.Build.0 = Debug|Any CPU
		{2588CCA5-EA4B-4925-A092-001EF78BA573}.Release|Any CPU.ActiveCfg = Release|Any CPU
		{2588CCA5-EA4B-4925-A092-001EF78BA573}.Release|Any CPU.Build.0 = Release|Any CPU
		{2588CCA5-EA4B-4925-A092-001EF78BA573}.Release|x64.ActiveCfg = Release|Any CPU
		{2588CCA5-EA4B-4925-A092-001EF78BA573}.Release|x64.Build.0 = Release|Any CPU
		{2588CCA5-EA4B-4925-A092-001EF78BA573}.Release|x86.ActiveCfg = Release|Any CPU
		{2588CCA5-EA4B-4925-A092-001EF78BA573}.Release|x86.Build.0 = Release|Any CPU
		{120E8FAA-8062-446F-ACA8-C9BCC87DE85D}.Debug|Any CPU.ActiveCfg = Debug|Any CPU
		{120E8FAA-8062-446F-ACA8-C9BCC87DE85D}.Debug|Any CPU.Build.0 = Debug|Any CPU
		{120E8FAA-8062-446F-ACA8-C9BCC87DE85D}.Debug|x64.ActiveCfg = Debug|Any CPU
		{120E8FAA-8062-446F-ACA8-C9BCC87DE85D}.Debug|x64.Build.0 = Debug|Any CPU
		{120E8FAA-8062-446F-ACA8-C9BCC87DE85D}.Debug|x86.ActiveCfg = Debug|Any CPU
		{120E8FAA-8062-446F-ACA8-C9BCC87DE85D}.Debug|x86.Build.0 = Debug|Any CPU
		{120E8FAA-8062-446F-ACA8-C9BCC87DE85D}.Release|Any CPU.ActiveCfg = Release|Any CPU
		{120E8FAA-8062-446F-ACA8-C9BCC87DE85D}.Release|Any CPU.Build.0 = Release|Any CPU
		{120E8FAA-8062-446F-ACA8-C9BCC87DE85D}.Release|x64.ActiveCfg = Release|Any CPU
		{120E8FAA-8062-446F-ACA8-C9BCC87DE85D}.Release|x64.Build.0 = Release|Any CPU
		{120E8FAA-8062-446F-ACA8-C9BCC87DE85D}.Release|x86.ActiveCfg = Release|Any CPU
		{120E8FAA-8062-446F-ACA8-C9BCC87DE85D}.Release|x86.Build.0 = Release|Any CPU
		{12847E21-1B5A-44FC-B9BF-5E1E24BB2AB2}.Debug|Any CPU.ActiveCfg = Debug|Any CPU
		{12847E21-1B5A-44FC-B9BF-5E1E24BB2AB2}.Debug|Any CPU.Build.0 = Debug|Any CPU
		{12847E21-1B5A-44FC-B9BF-5E1E24BB2AB2}.Debug|x64.ActiveCfg = Debug|Any CPU
		{12847E21-1B5A-44FC-B9BF-5E1E24BB2AB2}.Debug|x64.Build.0 = Debug|Any CPU
		{12847E21-1B5A-44FC-B9BF-5E1E24BB2AB2}.Debug|x86.ActiveCfg = Debug|Any CPU
		{12847E21-1B5A-44FC-B9BF-5E1E24BB2AB2}.Debug|x86.Build.0 = Debug|Any CPU
		{12847E21-1B5A-44FC-B9BF-5E1E24BB2AB2}.Release|Any CPU.ActiveCfg = Release|Any CPU
		{12847E21-1B5A-44FC-B9BF-5E1E24BB2AB2}.Release|Any CPU.Build.0 = Release|Any CPU
		{12847E21-1B5A-44FC-B9BF-5E1E24BB2AB2}.Release|x64.ActiveCfg = Release|Any CPU
		{12847E21-1B5A-44FC-B9BF-5E1E24BB2AB2}.Release|x64.Build.0 = Release|Any CPU
		{12847E21-1B5A-44FC-B9BF-5E1E24BB2AB2}.Release|x86.ActiveCfg = Release|Any CPU
		{12847E21-1B5A-44FC-B9BF-5E1E24BB2AB2}.Release|x86.Build.0 = Release|Any CPU
		{B6B8EEC0-06BC-421A-BE31-FF02CB196B7C}.Debug|Any CPU.ActiveCfg = Debug|Any CPU
		{B6B8EEC0-06BC-421A-BE31-FF02CB196B7C}.Debug|Any CPU.Build.0 = Debug|Any CPU
		{B6B8EEC0-06BC-421A-BE31-FF02CB196B7C}.Debug|x64.ActiveCfg = Debug|Any CPU
		{B6B8EEC0-06BC-421A-BE31-FF02CB196B7C}.Debug|x64.Build.0 = Debug|Any CPU
		{B6B8EEC0-06BC-421A-BE31-FF02CB196B7C}.Debug|x86.ActiveCfg = Debug|Any CPU
		{B6B8EEC0-06BC-421A-BE31-FF02CB196B7C}.Debug|x86.Build.0 = Debug|Any CPU
		{B6B8EEC0-06BC-421A-BE31-FF02CB196B7C}.Release|Any CPU.ActiveCfg = Release|Any CPU
		{B6B8EEC0-06BC-421A-BE31-FF02CB196B7C}.Release|Any CPU.Build.0 = Release|Any CPU
		{B6B8EEC0-06BC-421A-BE31-FF02CB196B7C}.Release|x64.ActiveCfg = Release|Any CPU
		{B6B8EEC0-06BC-421A-BE31-FF02CB196B7C}.Release|x64.Build.0 = Release|Any CPU
		{B6B8EEC0-06BC-421A-BE31-FF02CB196B7C}.Release|x86.ActiveCfg = Release|Any CPU
		{B6B8EEC0-06BC-421A-BE31-FF02CB196B7C}.Release|x86.Build.0 = Release|Any CPU
		{EF9C5CFD-F0EA-49DC-AA6A-2C102F142154}.Debug|Any CPU.ActiveCfg = Debug|Any CPU
		{EF9C5CFD-F0EA-49DC-AA6A-2C102F142154}.Debug|Any CPU.Build.0 = Debug|Any CPU
		{EF9C5CFD-F0EA-49DC-AA6A-2C102F142154}.Debug|x64.ActiveCfg = Debug|Any CPU
		{EF9C5CFD-F0EA-49DC-AA6A-2C102F142154}.Debug|x64.Build.0 = Debug|Any CPU
		{EF9C5CFD-F0EA-49DC-AA6A-2C102F142154}.Debug|x86.ActiveCfg = Debug|Any CPU
		{EF9C5CFD-F0EA-49DC-AA6A-2C102F142154}.Debug|x86.Build.0 = Debug|Any CPU
		{EF9C5CFD-F0EA-49DC-AA6A-2C102F142154}.Release|Any CPU.ActiveCfg = Release|Any CPU
		{EF9C5CFD-F0EA-49DC-AA6A-2C102F142154}.Release|Any CPU.Build.0 = Release|Any CPU
		{EF9C5CFD-F0EA-49DC-AA6A-2C102F142154}.Release|x64.ActiveCfg = Release|Any CPU
		{EF9C5CFD-F0EA-49DC-AA6A-2C102F142154}.Release|x64.Build.0 = Release|Any CPU
		{EF9C5CFD-F0EA-49DC-AA6A-2C102F142154}.Release|x86.ActiveCfg = Release|Any CPU
		{EF9C5CFD-F0EA-49DC-AA6A-2C102F142154}.Release|x86.Build.0 = Release|Any CPU
		{2FE632A0-25CF-4883-A77B-832A1246A770}.Debug|Any CPU.ActiveCfg = Debug|Any CPU
		{2FE632A0-25CF-4883-A77B-832A1246A770}.Debug|Any CPU.Build.0 = Debug|Any CPU
		{2FE632A0-25CF-4883-A77B-832A1246A770}.Debug|x64.ActiveCfg = Debug|Any CPU
		{2FE632A0-25CF-4883-A77B-832A1246A770}.Debug|x64.Build.0 = Debug|Any CPU
		{2FE632A0-25CF-4883-A77B-832A1246A770}.Debug|x86.ActiveCfg = Debug|Any CPU
		{2FE632A0-25CF-4883-A77B-832A1246A770}.Debug|x86.Build.0 = Debug|Any CPU
		{2FE632A0-25CF-4883-A77B-832A1246A770}.Release|Any CPU.ActiveCfg = Release|Any CPU
		{2FE632A0-25CF-4883-A77B-832A1246A770}.Release|Any CPU.Build.0 = Release|Any CPU
		{2FE632A0-25CF-4883-A77B-832A1246A770}.Release|x64.ActiveCfg = Release|Any CPU
		{2FE632A0-25CF-4883-A77B-832A1246A770}.Release|x64.Build.0 = Release|Any CPU
		{2FE632A0-25CF-4883-A77B-832A1246A770}.Release|x86.ActiveCfg = Release|Any CPU
		{2FE632A0-25CF-4883-A77B-832A1246A770}.Release|x86.Build.0 = Release|Any CPU
		{5FAB7FE5-07D6-4B66-86E5-CFD9D4AEF34E}.Debug|Any CPU.ActiveCfg = Debug|Any CPU
		{5FAB7FE5-07D6-4B66-86E5-CFD9D4AEF34E}.Debug|Any CPU.Build.0 = Debug|Any CPU
		{5FAB7FE5-07D6-4B66-86E5-CFD9D4AEF34E}.Debug|x64.ActiveCfg = Debug|Any CPU
		{5FAB7FE5-07D6-4B66-86E5-CFD9D4AEF34E}.Debug|x64.Build.0 = Debug|Any CPU
		{5FAB7FE5-07D6-4B66-86E5-CFD9D4AEF34E}.Debug|x86.ActiveCfg = Debug|Any CPU
		{5FAB7FE5-07D6-4B66-86E5-CFD9D4AEF34E}.Debug|x86.Build.0 = Debug|Any CPU
		{5FAB7FE5-07D6-4B66-86E5-CFD9D4AEF34E}.Release|Any CPU.ActiveCfg = Release|Any CPU
		{5FAB7FE5-07D6-4B66-86E5-CFD9D4AEF34E}.Release|Any CPU.Build.0 = Release|Any CPU
		{5FAB7FE5-07D6-4B66-86E5-CFD9D4AEF34E}.Release|x64.ActiveCfg = Release|Any CPU
		{5FAB7FE5-07D6-4B66-86E5-CFD9D4AEF34E}.Release|x64.Build.0 = Release|Any CPU
		{5FAB7FE5-07D6-4B66-86E5-CFD9D4AEF34E}.Release|x86.ActiveCfg = Release|Any CPU
		{5FAB7FE5-07D6-4B66-86E5-CFD9D4AEF34E}.Release|x86.Build.0 = Release|Any CPU
		{845E7D86-57D5-4979-919E-DF7985C5E19F}.Debug|Any CPU.ActiveCfg = Debug|Any CPU
		{845E7D86-57D5-4979-919E-DF7985C5E19F}.Debug|Any CPU.Build.0 = Debug|Any CPU
		{845E7D86-57D5-4979-919E-DF7985C5E19F}.Debug|x64.ActiveCfg = Debug|Any CPU
		{845E7D86-57D5-4979-919E-DF7985C5E19F}.Debug|x64.Build.0 = Debug|Any CPU
		{845E7D86-57D5-4979-919E-DF7985C5E19F}.Debug|x86.ActiveCfg = Debug|Any CPU
		{845E7D86-57D5-4979-919E-DF7985C5E19F}.Debug|x86.Build.0 = Debug|Any CPU
		{845E7D86-57D5-4979-919E-DF7985C5E19F}.Release|Any CPU.ActiveCfg = Release|Any CPU
		{845E7D86-57D5-4979-919E-DF7985C5E19F}.Release|Any CPU.Build.0 = Release|Any CPU
		{845E7D86-57D5-4979-919E-DF7985C5E19F}.Release|x64.ActiveCfg = Release|Any CPU
		{845E7D86-57D5-4979-919E-DF7985C5E19F}.Release|x64.Build.0 = Release|Any CPU
		{845E7D86-57D5-4979-919E-DF7985C5E19F}.Release|x86.ActiveCfg = Release|Any CPU
		{845E7D86-57D5-4979-919E-DF7985C5E19F}.Release|x86.Build.0 = Release|Any CPU
		{B282C6FE-3639-4C04-9B13-F17C54119996}.Debug|Any CPU.ActiveCfg = Debug|Any CPU
		{B282C6FE-3639-4C04-9B13-F17C54119996}.Debug|Any CPU.Build.0 = Debug|Any CPU
		{B282C6FE-3639-4C04-9B13-F17C54119996}.Debug|x64.ActiveCfg = Debug|Any CPU
		{B282C6FE-3639-4C04-9B13-F17C54119996}.Debug|x64.Build.0 = Debug|Any CPU
		{B282C6FE-3639-4C04-9B13-F17C54119996}.Debug|x86.ActiveCfg = Debug|Any CPU
		{B282C6FE-3639-4C04-9B13-F17C54119996}.Debug|x86.Build.0 = Debug|Any CPU
		{B282C6FE-3639-4C04-9B13-F17C54119996}.Release|Any CPU.ActiveCfg = Release|Any CPU
		{B282C6FE-3639-4C04-9B13-F17C54119996}.Release|Any CPU.Build.0 = Release|Any CPU
		{B282C6FE-3639-4C04-9B13-F17C54119996}.Release|x64.ActiveCfg = Release|Any CPU
		{B282C6FE-3639-4C04-9B13-F17C54119996}.Release|x64.Build.0 = Release|Any CPU
		{B282C6FE-3639-4C04-9B13-F17C54119996}.Release|x86.ActiveCfg = Release|Any CPU
		{B282C6FE-3639-4C04-9B13-F17C54119996}.Release|x86.Build.0 = Release|Any CPU
	EndGlobalSection
	GlobalSection(SolutionProperties) = preSolution
		HideSolutionNode = FALSE
	EndGlobalSection
	GlobalSection(NestedProjects) = preSolution
		{82347571-7E35-4DEB-A86F-16EF376B659E} = {DAD03CFC-D5FA-AC94-41C7-9ABAB326F09E}
		{5FAB7FE5-07D6-4B66-86E5-CFD9D4AEF34E} = {08363F22-23A7-70B7-557A-C076A2D48378}
	EndGlobalSection
EndGlobal
